// !$*UTF8*$!
{
	archiveVersion = 1;
	classes = {
	};
	objectVersion = 77;
	objects = {

/* Begin PBXBuildFile section */
		02A9952FA52D11B5C72F6993 /* OverlapAddTests.swift in Sources */ = {isa = PBXBuildFile; fileRef = 0AE55A460BECDE594EF7176D /* OverlapAddTests.swift */; };
		062990FBD09886E4756113D1 /* SVQualityMeter.swift in Sources */ = {isa = PBXBuildFile; fileRef = 4CE470E69F3A8F61921A6216 /* SVQualityMeter.swift */; };
		07B81FFC5F2F3F3645F83461 /* StemMixer.swift in Sources */ = {isa = PBXBuildFile; fileRef = 6D3B1CEC546FFE1185B3F194 /* StemMixer.swift */; };
		09F30144FD5AB808371A91FB /* SVTimecodeLabel.swift in Sources */ = {isa = PBXBuildFile; fileRef = 0E611C379BA8CD9ACD98B1C5 /* SVTimecodeLabel.swift */; };
		0B45F8ED2F3C25D4EB595D66 /* LaneHeaderColumn.swift in Sources */ = {isa = PBXBuildFile; fileRef = E3FBE6FA86EC5E863DEDD8B5 /* LaneHeaderColumn.swift */; };
		0D98F781D0366C8116FD25E8 /* AudioMetadataReader.swift in Sources */ = {isa = PBXBuildFile; fileRef = DB9168EA804DD651E4FC8DE2 /* AudioMetadataReader.swift */; };
		0DA9CFDFE800B43C346E82C6 /* STFTTests.swift in Sources */ = {isa = PBXBuildFile; fileRef = DF8C430A03928FA0A0D1171C /* STFTTests.swift */; };
		13308FF1A8ED9574C81E7CEF /* StemExportInputs.swift in Sources */ = {isa = PBXBuildFile; fileRef = E356E866D9513427D8CD7728 /* StemExportInputs.swift */; };
		13A5225C72EAB66051A3119A /* LibrarySidebar.swift in Sources */ = {isa = PBXBuildFile; fileRef = 37C1EA27FAFC31E4D34C81AD /* LibrarySidebar.swift */; };
		159646114A0ACA8889BBBF98 /* SVAnimation.swift in Sources */ = {isa = PBXBuildFile; fileRef = 37FC70CF30AE38E732F544D0 /* SVAnimation.swift */; };
		1713C1927E431038B8655A52 /* PlaybackClock.swift in Sources */ = {isa = PBXBuildFile; fileRef = A09D7C4D130F01EDA5280976 /* PlaybackClock.swift */; };
		1925322C57F94F0EE95BFEB7 /* StemCatalog.swift in Sources */ = {isa = PBXBuildFile; fileRef = 878006D31F9C64CAF18469D0 /* StemCatalog.swift */; };
		1A3AC32243A4A93FD06D045E /* htdemucs_ft_bass.mlpackage in Sources */ = {isa = PBXBuildFile; fileRef = 58E139CE8AC18ADE8081E657 /* htdemucs_ft_bass.mlpackage */; };
		1BC6BEC8623AA0F85BB841B4 /* AboutView.swift in Sources */ = {isa = PBXBuildFile; fileRef = D6C12422CA4064D2EAADE21A /* AboutView.swift */; };
		1DBE08827836A8CB0D1A8643 /* LibraryView+ViewModel.swift in Sources */ = {isa = PBXBuildFile; fileRef = 72A1487190FC42AE5B4AD940 /* LibraryView+ViewModel.swift */; };
		1ED4D535F60E1DDC0175CF56 /* A11yID.swift in Sources */ = {isa = PBXBuildFile; fileRef = 0D0A0658622206429AB681D9 /* A11yID.swift */; };
		20224C03583F139E65977BA4 /* SVWaveformCanvas.swift in Sources */ = {isa = PBXBuildFile; fileRef = 2AD4B90ED22FDA9878266944 /* SVWaveformCanvas.swift */; };
		206B30D71082B63738530E05 /* FileStoreTests.swift in Sources */ = {isa = PBXBuildFile; fileRef = A405196FFC558CD886E216F6 /* FileStoreTests.swift */; };
		23A526BF9015839AA7BD4F68 /* StemView.swift in Sources */ = {isa = PBXBuildFile; fileRef = 42EE4FC7B1ED635452EF10AE /* StemView.swift */; };
		244F79357FBC1C02FCBFBAF5 /* WaveTimelineGestures.swift in Sources */ = {isa = PBXBuildFile; fileRef = 050FFAFBCCFB00DD583589E5 /* WaveTimelineGestures.swift */; };
		24E0D6492896292E5BF140EA /* FileStoreError.swift in Sources */ = {isa = PBXBuildFile; fileRef = E7C0BEC5FDED4E24425136EF /* FileStoreError.swift */; };
		2646AEC09C6BAF59AA32BE54 /* LaneColorMathTests.swift in Sources */ = {isa = PBXBuildFile; fileRef = C2E3B9FD48C941EF3814184B /* LaneColorMathTests.swift */; };
		2BA55DC4AAAACD949947EE87 /* DeviceKind.swift in Sources */ = {isa = PBXBuildFile; fileRef = 6F87340F10D80EEBAED1EE25 /* DeviceKind.swift */; };
		2D7FFBC6BACDCDCED91DA193 /* WaveformTierCache.swift in Sources */ = {isa = PBXBuildFile; fileRef = 4416FF731FE2045C4C981B90 /* WaveformTierCache.swift */; };
		2FEC008E5F8457261FA10EF5 /* StemAssembly.swift in Sources */ = {isa = PBXBuildFile; fileRef = 0C2F8892B486F89F33F6CD56 /* StemAssembly.swift */; };
		316B491CCBCD94F339CF9D94 /* TrimMath.swift in Sources */ = {isa = PBXBuildFile; fileRef = C3A32FF91D579BF8C991EEF7 /* TrimMath.swift */; };
		36EA2CA80CC9E7F0923BBAC1 /* htdemucs_ft_vocals.mlpackage in Sources */ = {isa = PBXBuildFile; fileRef = 75CFD86BAA1A32C2C330BC6D /* htdemucs_ft_vocals.mlpackage */; };
		372B08D5FB07307EB85748E2 /* MixMatrixTests.swift in Sources */ = {isa = PBXBuildFile; fileRef = 1292AD81705EB4D7F3F90D0C /* MixMatrixTests.swift */; };
		3A6FFDA58309C3489D774DAF /* Idilio.mp3 in Resources */ = {isa = PBXBuildFile; fileRef = B15387EBFB3D525E7B6A3A5E /* Idilio.mp3 */; };
		3DFA40D7A037B862A5111BEF /* SVQualityPicker.swift in Sources */ = {isa = PBXBuildFile; fileRef = 289C9107F4AB5F37567D8497 /* SVQualityPicker.swift */; };
		3E003FAE2A70D7DBEBEF9F9D /* LibraryViewRobot.swift in Sources */ = {isa = PBXBuildFile; fileRef = 05B9E3FE1520995AE893E944 /* LibraryViewRobot.swift */; };
		3F29EC3877BAC457CB960957 /* LogSink.swift in Sources */ = {isa = PBXBuildFile; fileRef = 3854757BECC0A1FE1922EA5A /* LogSink.swift */; };
		437E2BA72DD98904815E3F89 /* DemucsSpecTests.swift in Sources */ = {isa = PBXBuildFile; fileRef = 86A0ABF0D758E7EF685AB9D8 /* DemucsSpecTests.swift */; };
		43A06821A677CF7FF34AEA29 /* OverlapAdd.swift in Sources */ = {isa = PBXBuildFile; fileRef = 6D05F3C697CFEBC69EF587D5 /* OverlapAdd.swift */; };
		450F2199FF28967E238E3DE4 /* SVVolumeSlider.swift in Sources */ = {isa = PBXBuildFile; fileRef = C2867FF6EAA0640BE691A947 /* SVVolumeSlider.swift */; };
		45BFFE2E03AB014C78D0F6D0 /* OverlapAddStreamer.swift in Sources */ = {isa = PBXBuildFile; fileRef = 69D4CA24161D9D67C46D4751 /* OverlapAddStreamer.swift */; };
		4B71CDE77769B63B59862A10 /* SVStemBadge.swift in Sources */ = {isa = PBXBuildFile; fileRef = C97606E6CAFB55B2A7DC0A85 /* SVStemBadge.swift */; };
		4D4CEF4D2F0E6F5A17029740 /* htdemucs_ft_other.mlpackage in Sources */ = {isa = PBXBuildFile; fileRef = EC4109806DB62A4347245FE7 /* htdemucs_ft_other.mlpackage */; };
		4D51CF1553E164C38FD8CDB9 /* UITestIDs.swift in Sources */ = {isa = PBXBuildFile; fileRef = 117AB74A759BA6D6FCD16430 /* UITestIDs.swift */; };
		4DA5EB346C16C671D7A25440 /* AudioFileIO+Resample.swift in Sources */ = {isa = PBXBuildFile; fileRef = 402D2848143CD1E1535DA025 /* AudioFileIO+Resample.swift */; };
		5095A63F54FF1376F572E71B /* WaveformTiers.swift in Sources */ = {isa = PBXBuildFile; fileRef = F37B3B3A30A5662A9B7DF3DB /* WaveformTiers.swift */; };
		51294C0CE769AC58CC5DAE7D /* SVMuteSoloButtons.swift in Sources */ = {isa = PBXBuildFile; fileRef = A0563D382A20946C26D95263 /* SVMuteSoloButtons.swift */; };
		516B8250C39D7A4EC9F94507 /* htdemucs_ft_drums.mlpackage in Sources */ = {isa = PBXBuildFile; fileRef = 0A8399138B7797C82FA69AB3 /* htdemucs_ft_drums.mlpackage */; };
		54B7B8B0B6C008D2EF378A81 /* FileLogSink.swift in Sources */ = {isa = PBXBuildFile; fileRef = EACE5E532ECA12DC4FF33A42 /* FileLogSink.swift */; };
		54BF2718A21E175EC49AC554 /* SVReturnToPlayheadChip.swift in Sources */ = {isa = PBXBuildFile; fileRef = D94FF6CB00A848BB4597ADA2 /* SVReturnToPlayheadChip.swift */; };
		55577D3474487AFF5D04E3F5 /* RealFFT.swift in Sources */ = {isa = PBXBuildFile; fileRef = 8C7A3CF9FC78B498A5D34471 /* RealFFT.swift */; };
		55CA581DD366C0EF91370DBA /* StemViewRobot.swift in Sources */ = {isa = PBXBuildFile; fileRef = AAC99F1C945C225A4083AF95 /* StemViewRobot.swift */; };
		58051811678C4533EFA9A48D /* FileStore.swift in Sources */ = {isa = PBXBuildFile; fileRef = 59E44C3783D8F76649FC9534 /* FileStore.swift */; };
		5970AD9A6B6B21DAB5224E84 /* SongDestinationView.swift in Sources */ = {isa = PBXBuildFile; fileRef = 1E1FB8116D2B500D152566EC /* SongDestinationView.swift */; };
		5D971E570237B91DD8C0A119 /* SVCapsuleButton.swift in Sources */ = {isa = PBXBuildFile; fileRef = 5502A9F3D19C67B6642920F5 /* SVCapsuleButton.swift */; };
		61764DF9D5AC0B8697957C50 /* StemEnergy.swift in Sources */ = {isa = PBXBuildFile; fileRef = 10D9713303839CFEEE3474AC /* StemEnergy.swift */; };
		61C622989640D35542D6A01B /* MixMatrix.swift in Sources */ = {isa = PBXBuildFile; fileRef = 6F1B9F3597DB6A3E025B49BD /* MixMatrix.swift */; };
		62A3A277021216E0A1661343 /* PeakTierMathTests.swift in Sources */ = {isa = PBXBuildFile; fileRef = 39EB4B1307A699D1C3402490 /* PeakTierMathTests.swift */; };
		636CF0BEF3387D0CD4891AD2 /* StemExportSheet+ViewModel.swift in Sources */ = {isa = PBXBuildFile; fileRef = 960CA0F456390C20014A7B16 /* StemExportSheet+ViewModel.swift */; };
		642CDDE048413483B226268F /* DemucsProbeTests.swift in Sources */ = {isa = PBXBuildFile; fileRef = 0330933AF6A82CB39F4FB58F /* DemucsProbeTests.swift */; };
		677779D849FDC4E49373DE8D /* StemExportSheet.swift in Sources */ = {isa = PBXBuildFile; fileRef = 119CAC8D9951DEE34CDB642E /* StemExportSheet.swift */; };
		683EDF197C7FB3D95FE9EE5F /* SeparationView+ViewModel.swift in Sources */ = {isa = PBXBuildFile; fileRef = 758DBC4EF3A51DF63C6C3198 /* SeparationView+ViewModel.swift */; };
		68A03149E22FBD68DB3DD67B /* RelativeDayLabel.swift in Sources */ = {isa = PBXBuildFile; fileRef = 77C5F6C847CE3C12013DE997 /* RelativeDayLabel.swift */; };
		6B1920AEF7493DB0FE98107D /* MLMultiArrayFloatTests.swift in Sources */ = {isa = PBXBuildFile; fileRef = A2D2EF47C7F6D8EBA4B32DF6 /* MLMultiArrayFloatTests.swift */; };
		6D81EB365AB08853A20A1B7D /* AudioFixtures in Resources */ = {isa = PBXBuildFile; fileRef = 650E7A4D67D6739A89AD6389 /* AudioFixtures */; };
		72A33BA5A06A7EA8D7684F2B /* SVDebugBadge.swift in Sources */ = {isa = PBXBuildFile; fileRef = 68CCE9E96A47E4147CD67753 /* SVDebugBadge.swift */; };
		7428C1FF8776D8DED50532C1 /* SeparationQuality.swift in Sources */ = {isa = PBXBuildFile; fileRef = F5B7EE0664DAA9F1CD9B5071 /* SeparationQuality.swift */; };
		773C12A2A06ECDFD136CE104 /* AppEnvironment.swift in Sources */ = {isa = PBXBuildFile; fileRef = 131E937653DEEF0FBE7DC6E0 /* AppEnvironment.swift */; };
		7C10348769563DBCF01948AF /* OverlapAddStreamerTests.swift in Sources */ = {isa = PBXBuildFile; fileRef = E3A10618D7EF66433498AB3C /* OverlapAddStreamerTests.swift */; };
		8044985705ECB388C4D08A74 /* LibraryView.swift in Sources */ = {isa = PBXBuildFile; fileRef = 15237F527C8BF586A7E7F758 /* LibraryView.swift */; };
		835D273058350DBBE72D7599 /* MemoryReport.swift in Sources */ = {isa = PBXBuildFile; fileRef = E8F741FB5CE346D4B1F91BC5 /* MemoryReport.swift */; };
		83E0983B864DB0926D7F480A /* DemucsManifest.swift in Sources */ = {isa = PBXBuildFile; fileRef = D3243B08BAA5DBFCB2FCE9C2 /* DemucsManifest.swift */; };
		8472EBAC3EFED290DF9082A9 /* StemLaneView.swift in Sources */ = {isa = PBXBuildFile; fileRef = B6926E9F70FFEEE5D5CD944B /* StemLaneView.swift */; };
		86BCFFB5C8D9EE7C0BDC5A18 /* AudioFileIO.swift in Sources */ = {isa = PBXBuildFile; fileRef = 025BBF56AF25EEB140BB6423 /* AudioFileIO.swift */; };
		8BA97A1A006A45176C635F03 /* Spacing.swift in Sources */ = {isa = PBXBuildFile; fileRef = BCB8EA02701E9DB77E830CDB /* Spacing.swift */; };
		8BE87A598C387B7AF95078EF /* ViewportMath.swift in Sources */ = {isa = PBXBuildFile; fileRef = C1538EE832B5A27DD6FED869 /* ViewportMath.swift */; };
		8CE851C2C0B2CB767F4611CE /* StemSeparator.swift in Sources */ = {isa = PBXBuildFile; fileRef = A82ADDBB0867464A2F422532 /* StemSeparator.swift */; };
		8DB8AF8B201481B8DB02F70C /* PackageManifest.swift in Sources */ = {isa = PBXBuildFile; fileRef = 113E95A06C5E0DE5DF0A8030 /* PackageManifest.swift */; };
		8E1596023CA007B810D81B54 /* NiceScaleTests.swift in Sources */ = {isa = PBXBuildFile; fileRef = A2AE2C52D9DA96F75296CC30 /* NiceScaleTests.swift */; };
		8EE4E94CE51288B60CFF1BB8 /* CoreMLDemucsBackend.swift in Sources */ = {isa = PBXBuildFile; fileRef = 15BFAA75F4C9D04036780221 /* CoreMLDemucsBackend.swift */; };
		8F057B2547EDB9080FD8CEC6 /* RecorderViewRobot.swift in Sources */ = {isa = PBXBuildFile; fileRef = A68197EE1DA6148DF7609223 /* RecorderViewRobot.swift */; };
		8F2554B580EA08D81A7C5353 /* TimeFormattingTests.swift in Sources */ = {isa = PBXBuildFile; fileRef = 3EDC2F41A944C982002CF4F5 /* TimeFormattingTests.swift */; };
		91D47AC631C68FE4C48702ED /* StemExporterTests.swift in Sources */ = {isa = PBXBuildFile; fileRef = D266B8BCEB9F8F0B64633EED /* StemExporterTests.swift */; };
		92F1AD29EA59B36C808DBA91 /* DevelopmentLibrarySeeder.swift in Sources */ = {isa = PBXBuildFile; fileRef = 74701D746C81F9D808C30C22 /* DevelopmentLibrarySeeder.swift */; };
		95C5BC932F0D3596B4E9F041 /* SeparationView.swift in Sources */ = {isa = PBXBuildFile; fileRef = A2A00448ED014D5490E19BDF /* SeparationView.swift */; };
		98F27E978742AE0D5EED235F /* WAVStreamWriter.swift in Sources */ = {isa = PBXBuildFile; fileRef = FF21F553B0F8E80BBB901E10 /* WAVStreamWriter.swift */; };
		9A4F8CC2EC94103F40D378C1 /* PeakDecimationTests.swift in Sources */ = {isa = PBXBuildFile; fileRef = EB98264CA106A115FECAF2D1 /* PeakDecimationTests.swift */; };
		9C708A8667C4BE75CD77030A /* AudioFileIO+Export.swift in Sources */ = {isa = PBXBuildFile; fileRef = 427D086E71E1E14108A1FE5D /* AudioFileIO+Export.swift */; };
		A5D4DCF7F5DF01482A677446 /* SVTransportBar.swift in Sources */ = {isa = PBXBuildFile; fileRef = 90784140E17D97CC8B755E84 /* SVTransportBar.swift */; };
		A885DBAED1BEB8F7FF3FBDEA /* MLMultiArray+Float.swift in Sources */ = {isa = PBXBuildFile; fileRef = 136FD5D3C213F2E37D83068C /* MLMultiArray+Float.swift */; };
		A978E80D74ED869C17AF6719 /* TestFixtures.swift in Sources */ = {isa = PBXBuildFile; fileRef = 53AB2CA45F62662F52C48ACA /* TestFixtures.swift */; };
		AA2CA9A52C3D385365440A9E /* RecorderView.swift in Sources */ = {isa = PBXBuildFile; fileRef = DED9881DCAD62D4CDAF4E0AB /* RecorderView.swift */; };
		ABF1443F2853B12E78B3111A /* DesignSystemCatalog.swift in Sources */ = {isa = PBXBuildFile; fileRef = 96972B3C085F2B8AE9BE864B /* DesignSystemCatalog.swift */; };
		ACCD9011E0430EBF80BCB3D3 /* ScreenshotReviewTests.swift in Sources */ = {isa = PBXBuildFile; fileRef = 91E839C990CEB04AA7048E4C /* ScreenshotReviewTests.swift */; };
		AD1BADFA28ECDDB10D7EC4D2 /* RootView.swift in Sources */ = {isa = PBXBuildFile; fileRef = E91BEBBBDDE7291FEA6934DC /* RootView.swift */; };
		B2FCB85A05C32D1C736DAA72 /* DemucsSpec.swift in Sources */ = {isa = PBXBuildFile; fileRef = A6C61EF7D2668D7034800282 /* DemucsSpec.swift */; };
		B3A6B0A8B2CCE8E8A06B63DE /* Log.swift in Sources */ = {isa = PBXBuildFile; fileRef = 8191966D09129BB928E5316C /* Log.swift */; };
		B643E7207BF45A654219171F /* SeparationViewRobot.swift in Sources */ = {isa = PBXBuildFile; fileRef = 265E0DC4768EF23E54720285 /* SeparationViewRobot.swift */; };
		B6CD846AC0C1EBE7AD08D2FA /* SoundViewApp.swift in Sources */ = {isa = PBXBuildFile; fileRef = 09F6F6F1CBDEDC486A8FF3AC /* SoundViewApp.swift */; };
		B71302944A2CD76A01DC5593 /* STFT.swift in Sources */ = {isa = PBXBuildFile; fileRef = 0605FB48D5AFFC4925ACA9AA /* STFT.swift */; };
		B7732EF45AD91A5E9D01BA91 /* BreadcrumbStore.swift in Sources */ = {isa = PBXBuildFile; fileRef = 348AF9C55DDCF445D4A86F3B /* BreadcrumbStore.swift */; };
		B9DECFBA599D2A1B541E6A97 /* StemEnergyTests.swift in Sources */ = {isa = PBXBuildFile; fileRef = AB187664115537F220C4ED5D /* StemEnergyTests.swift */; };
		BBF442461FB4CB3E3CF7618C /* ReferenceStemBank.swift in Sources */ = {isa = PBXBuildFile; fileRef = 1B838CC0D8DDFD1D64274B2D /* ReferenceStemBank.swift */; };
		BC91EB2C2D54933AE8B08D07 /* Typography.swift in Sources */ = {isa = PBXBuildFile; fileRef = 9858741CD5322B49157FA9D4 /* Typography.swift */; };
		BE25D1ABA9E30FEF8D712036 /* ServiceProtocols.swift in Sources */ = {isa = PBXBuildFile; fileRef = 18FCFC05902D0BCF29325F4F /* ServiceProtocols.swift */; };
		BE527660FAD88C7C4C479CAF /* PlaybackClockTests.swift in Sources */ = {isa = PBXBuildFile; fileRef = ADB719BA5BDFBD254C0E544C /* PlaybackClockTests.swift */; };
		C14A7D3F7DFDCE57B564CED7 /* StorageRoot.swift in Sources */ = {isa = PBXBuildFile; fileRef = 9B98753567397BFA816182AA /* StorageRoot.swift */; };
		C66EE6EC38C44E6B040B1399 /* SeparationE2ETests.swift in Sources */ = {isa = PBXBuildFile; fileRef = 93A5C66B569E333988AAA2AC /* SeparationE2ETests.swift */; };
		C696683FA1E222F4A0AF7EE2 /* StemDeskView.swift in Sources */ = {isa = PBXBuildFile; fileRef = 9FEEDF10C943683867C1A04E /* StemDeskView.swift */; };
		C7179554DB260AA19B619586 /* SVStemModePicker.swift in Sources */ = {isa = PBXBuildFile; fileRef = FA0A7EE3640272ADA361EA39 /* SVStemModePicker.swift */; };
		C744DD5DA5EE105805E9CAC7 /* SVSyncStatusLine.swift in Sources */ = {isa = PBXBuildFile; fileRef = 099D9E49294E665AE1AD2F30 /* SVSyncStatusLine.swift */; };
		CA3995A30CA74F15255883D9 /* StemExporter.swift in Sources */ = {isa = PBXBuildFile; fileRef = 49FBB470C2772C9831BB1810 /* StemExporter.swift */; };
		CAF3AE1C5B4B1862903371AE /* SVLoadingWave.swift in Sources */ = {isa = PBXBuildFile; fileRef = 400B2699D1466710EA436E94 /* SVLoadingWave.swift */; };
		CCEC50E5E73BC89DC0E5C8FC /* OSLogSink.swift in Sources */ = {isa = PBXBuildFile; fileRef = AAB655078582612199377E57 /* OSLogSink.swift */; };
		CCF81BCE58C0956D648A34BF /* htdemucs_manifest.json in Resources */ = {isa = PBXBuildFile; fileRef = A3331570C2C4613007D1B473 /* htdemucs_manifest.json */; };
		CD0EC33C5C4509323072CDD7 /* LaneColorMath.swift in Sources */ = {isa = PBXBuildFile; fileRef = 3A4DF52125EF111F0B069852 /* LaneColorMath.swift */; };
		CFDCFF6EA23D727FC86172C4 /* StemDeskView+ViewModel.swift in Sources */ = {isa = PBXBuildFile; fileRef = 47AAB184269DBC8A69C68291 /* StemDeskView+ViewModel.swift */; };
		D49A4BE0A0AAB8CB592BA673 /* PackageLayout.swift in Sources */ = {isa = PBXBuildFile; fileRef = 759A4C3792D8DA333D184D86 /* PackageLayout.swift */; };
		D75216109FA78A802B73B361 /* TrimMathTests.swift in Sources */ = {isa = PBXBuildFile; fileRef = 435233D238E6D9A647240958 /* TrimMathTests.swift */; };
		D9048576071D7C3342ED08C4 /* SongPackage.swift in Sources */ = {isa = PBXBuildFile; fileRef = F40C1BECB3175D2D5FFF4949 /* SongPackage.swift */; };
		D97E92539D64B8C2FF1CA470 /* ViewportMathTests.swift in Sources */ = {isa = PBXBuildFile; fileRef = D072FCDC55EA94D0C6854501 /* ViewportMathTests.swift */; };
		DF15E4DAE8B011D32B1FE56A /* ModelCatalog.swift in Sources */ = {isa = PBXBuildFile; fileRef = A2FB34056869AD07E18CD176 /* ModelCatalog.swift */; };
		DF2CF5CEB1F901A4B31CAF28 /* RecorderView+ViewModel.swift in Sources */ = {isa = PBXBuildFile; fileRef = 83D00EBF00DEBF165B631775 /* RecorderView+ViewModel.swift */; };
		DF3749F14C5C3B758A4A4A5B /* TimeFormatting.swift in Sources */ = {isa = PBXBuildFile; fileRef = F7B8A9DFE38A958659BF926D /* TimeFormatting.swift */; };
		E1FDDB0E8A922DD5E0E59104 /* PeakDecimation.swift in Sources */ = {isa = PBXBuildFile; fileRef = 2629855757A32C3A08F92D69 /* PeakDecimation.swift */; };
		E4EF5010CAE223C95C454BD0 /* StemMode.swift in Sources */ = {isa = PBXBuildFile; fileRef = 18E8CD815BA4C498BE3FA882 /* StemMode.swift */; };
		E56AC09AA70F0305E2F9CF98 /* ViewportFollowTests.swift in Sources */ = {isa = PBXBuildFile; fileRef = 08DC56A03E8E6D6429AF2D2D /* ViewportFollowTests.swift */; };
		E6721A6DB34109A06477B658 /* Palette.swift in Sources */ = {isa = PBXBuildFile; fileRef = 8FF93480A44C82CC5861B53D /* Palette.swift */; };
		EBDD37798D4BBFF72E73B460 /* SVTimeRuler.swift in Sources */ = {isa = PBXBuildFile; fileRef = 7457EAA7D79E5A31C6528632 /* SVTimeRuler.swift */; };
		EE1738046216E5A4B6728B0A /* PeakTierMath.swift in Sources */ = {isa = PBXBuildFile; fileRef = 404644C2B096536F316E7494 /* PeakTierMath.swift */; };
		F0C7319B207EC613BAE3BBC4 /* TestMP3FixtureTests.swift in Sources */ = {isa = PBXBuildFile; fileRef = 3C7F49FAC534A5E34F4121FF /* TestMP3FixtureTests.swift */; };
		F1E10E16E83F12199909D6BE /* ReferenceDemucsBackend.swift in Sources */ = {isa = PBXBuildFile; fileRef = 70263CB45874350544490545 /* ReferenceDemucsBackend.swift */; };
		F54EA87E3C025B1FB9243C84 /* AudioFixtures in Resources */ = {isa = PBXBuildFile; fileRef = 650E7A4D67D6739A89AD6389 /* AudioFixtures */; };
		F8A20B7539DF30489D5FC55A /* NiceScale.swift in Sources */ = {isa = PBXBuildFile; fileRef = 569E0B9570FC2B3521DEBD7B /* NiceScale.swift */; };
		F997393935B3993838C14AD0 /* SVEmptyState.swift in Sources */ = {isa = PBXBuildFile; fileRef = 04093AD796D65DB4A2E34DED /* SVEmptyState.swift */; };
		FE3F4756ADC94BD8DFF1BE09 /* StemPlayerModel.swift in Sources */ = {isa = PBXBuildFile; fileRef = 07E441E6F2567EBBC9D8EEDA /* StemPlayerModel.swift */; };
		FEEFF1427C32F3D2336DE626 /* CoordinatedFileIO.swift in Sources */ = {isa = PBXBuildFile; fileRef = 50400B613F09DD01423741E4 /* CoordinatedFileIO.swift */; };
		FF24EFA200873EFF79D80062 /* SoundViewUITests.swift in Sources */ = {isa = PBXBuildFile; fileRef = 4BA5DBF2ED35873D5128B604 /* SoundViewUITests.swift */; };
/* End PBXBuildFile section */

/* Begin PBXContainerItemProxy section */
		1A2D95188BC22CF6B5DE849B /* PBXContainerItemProxy */ = {
			isa = PBXContainerItemProxy;
			containerPortal = EA914836DACD03964A4FBACC /* Project object */;
			proxyType = 1;
			remoteGlobalIDString = F32A88F8FA71F17AD624653B;
			remoteInfo = SoundView;
		};
		47E2A1978D56BCA424F5F973 /* PBXContainerItemProxy */ = {
			isa = PBXContainerItemProxy;
			containerPortal = EA914836DACD03964A4FBACC /* Project object */;
			proxyType = 1;
			remoteGlobalIDString = F32A88F8FA71F17AD624653B;
			remoteInfo = SoundView;
		};
/* End PBXContainerItemProxy section */

/* Begin PBXFileReference section */
		025BBF56AF25EEB140BB6423 /* AudioFileIO.swift */ = {isa = PBXFileReference; lastKnownFileType = sourcecode.swift; path = AudioFileIO.swift; sourceTree = "<group>"; };
		0330933AF6A82CB39F4FB58F /* DemucsProbeTests.swift */ = {isa = PBXFileReference; lastKnownFileType = sourcecode.swift; path = DemucsProbeTests.swift; sourceTree = "<group>"; };
		04093AD796D65DB4A2E34DED /* SVEmptyState.swift */ = {isa = PBXFileReference; lastKnownFileType = sourcecode.swift; path = SVEmptyState.swift; sourceTree = "<group>"; };
		050FFAFBCCFB00DD583589E5 /* WaveTimelineGestures.swift */ = {isa = PBXFileReference; lastKnownFileType = sourcecode.swift; path = WaveTimelineGestures.swift; sourceTree = "<group>"; };
		05B9E3FE1520995AE893E944 /* LibraryViewRobot.swift */ = {isa = PBXFileReference; lastKnownFileType = sourcecode.swift; path = LibraryViewRobot.swift; sourceTree = "<group>"; };
		0605FB48D5AFFC4925ACA9AA /* STFT.swift */ = {isa = PBXFileReference; lastKnownFileType = sourcecode.swift; path = STFT.swift; sourceTree = "<group>"; };
		07E441E6F2567EBBC9D8EEDA /* StemPlayerModel.swift */ = {isa = PBXFileReference; lastKnownFileType = sourcecode.swift; path = StemPlayerModel.swift; sourceTree = "<group>"; };
		08DC56A03E8E6D6429AF2D2D /* ViewportFollowTests.swift */ = {isa = PBXFileReference; lastKnownFileType = sourcecode.swift; path = ViewportFollowTests.swift; sourceTree = "<group>"; };
		099D9E49294E665AE1AD2F30 /* SVSyncStatusLine.swift */ = {isa = PBXFileReference; lastKnownFileType = sourcecode.swift; path = SVSyncStatusLine.swift; sourceTree = "<group>"; };
		09F6F6F1CBDEDC486A8FF3AC /* SoundViewApp.swift */ = {isa = PBXFileReference; lastKnownFileType = sourcecode.swift; path = SoundViewApp.swift; sourceTree = "<group>"; };
		0A8399138B7797C82FA69AB3 /* htdemucs_ft_drums.mlpackage */ = {isa = PBXFileReference; path = htdemucs_ft_drums.mlpackage; sourceTree = "<group>"; };
		0AE55A460BECDE594EF7176D /* OverlapAddTests.swift */ = {isa = PBXFileReference; lastKnownFileType = sourcecode.swift; path = OverlapAddTests.swift; sourceTree = "<group>"; };
		0C2F8892B486F89F33F6CD56 /* StemAssembly.swift */ = {isa = PBXFileReference; lastKnownFileType = sourcecode.swift; path = StemAssembly.swift; sourceTree = "<group>"; };
		0D0A0658622206429AB681D9 /* A11yID.swift */ = {isa = PBXFileReference; lastKnownFileType = sourcecode.swift; path = A11yID.swift; sourceTree = "<group>"; };
		0E611C379BA8CD9ACD98B1C5 /* SVTimecodeLabel.swift */ = {isa = PBXFileReference; lastKnownFileType = sourcecode.swift; path = SVTimecodeLabel.swift; sourceTree = "<group>"; };
		10D9713303839CFEEE3474AC /* StemEnergy.swift */ = {isa = PBXFileReference; lastKnownFileType = sourcecode.swift; path = StemEnergy.swift; sourceTree = "<group>"; };
		113E95A06C5E0DE5DF0A8030 /* PackageManifest.swift */ = {isa = PBXFileReference; lastKnownFileType = sourcecode.swift; path = PackageManifest.swift; sourceTree = "<group>"; };
		117AB74A759BA6D6FCD16430 /* UITestIDs.swift */ = {isa = PBXFileReference; lastKnownFileType = sourcecode.swift; path = UITestIDs.swift; sourceTree = "<group>"; };
		119CAC8D9951DEE34CDB642E /* StemExportSheet.swift */ = {isa = PBXFileReference; lastKnownFileType = sourcecode.swift; path = StemExportSheet.swift; sourceTree = "<group>"; };
		1292AD81705EB4D7F3F90D0C /* MixMatrixTests.swift */ = {isa = PBXFileReference; lastKnownFileType = sourcecode.swift; path = MixMatrixTests.swift; sourceTree = "<group>"; };
		131E937653DEEF0FBE7DC6E0 /* AppEnvironment.swift */ = {isa = PBXFileReference; lastKnownFileType = sourcecode.swift; path = AppEnvironment.swift; sourceTree = "<group>"; };
		136FD5D3C213F2E37D83068C /* MLMultiArray+Float.swift */ = {isa = PBXFileReference; lastKnownFileType = sourcecode.swift; path = "MLMultiArray+Float.swift"; sourceTree = "<group>"; };
		15237F527C8BF586A7E7F758 /* LibraryView.swift */ = {isa = PBXFileReference; lastKnownFileType = sourcecode.swift; path = LibraryView.swift; sourceTree = "<group>"; };
		15BFAA75F4C9D04036780221 /* CoreMLDemucsBackend.swift */ = {isa = PBXFileReference; lastKnownFileType = sourcecode.swift; path = CoreMLDemucsBackend.swift; sourceTree = "<group>"; };
		18E8CD815BA4C498BE3FA882 /* StemMode.swift */ = {isa = PBXFileReference; lastKnownFileType = sourcecode.swift; path = StemMode.swift; sourceTree = "<group>"; };
		18FCFC05902D0BCF29325F4F /* ServiceProtocols.swift */ = {isa = PBXFileReference; lastKnownFileType = sourcecode.swift; path = ServiceProtocols.swift; sourceTree = "<group>"; };
		1B838CC0D8DDFD1D64274B2D /* ReferenceStemBank.swift */ = {isa = PBXFileReference; lastKnownFileType = sourcecode.swift; path = ReferenceStemBank.swift; sourceTree = "<group>"; };
		1E1FB8116D2B500D152566EC /* SongDestinationView.swift */ = {isa = PBXFileReference; lastKnownFileType = sourcecode.swift; path = SongDestinationView.swift; sourceTree = "<group>"; };
		2629855757A32C3A08F92D69 /* PeakDecimation.swift */ = {isa = PBXFileReference; lastKnownFileType = sourcecode.swift; path = PeakDecimation.swift; sourceTree = "<group>"; };
		265E0DC4768EF23E54720285 /* SeparationViewRobot.swift */ = {isa = PBXFileReference; lastKnownFileType = sourcecode.swift; path = SeparationViewRobot.swift; sourceTree = "<group>"; };
		289C9107F4AB5F37567D8497 /* SVQualityPicker.swift */ = {isa = PBXFileReference; lastKnownFileType = sourcecode.swift; path = SVQualityPicker.swift; sourceTree = "<group>"; };
		2AD4B90ED22FDA9878266944 /* SVWaveformCanvas.swift */ = {isa = PBXFileReference; lastKnownFileType = sourcecode.swift; path = SVWaveformCanvas.swift; sourceTree = "<group>"; };
		348AF9C55DDCF445D4A86F3B /* BreadcrumbStore.swift */ = {isa = PBXFileReference; lastKnownFileType = sourcecode.swift; path = BreadcrumbStore.swift; sourceTree = "<group>"; };
		37C1EA27FAFC31E4D34C81AD /* LibrarySidebar.swift */ = {isa = PBXFileReference; lastKnownFileType = sourcecode.swift; path = LibrarySidebar.swift; sourceTree = "<group>"; };
		37FC70CF30AE38E732F544D0 /* SVAnimation.swift */ = {isa = PBXFileReference; lastKnownFileType = sourcecode.swift; path = SVAnimation.swift; sourceTree = "<group>"; };
		3854757BECC0A1FE1922EA5A /* LogSink.swift */ = {isa = PBXFileReference; lastKnownFileType = sourcecode.swift; path = LogSink.swift; sourceTree = "<group>"; };
		39EB4B1307A699D1C3402490 /* PeakTierMathTests.swift */ = {isa = PBXFileReference; lastKnownFileType = sourcecode.swift; path = PeakTierMathTests.swift; sourceTree = "<group>"; };
		3A4DF52125EF111F0B069852 /* LaneColorMath.swift */ = {isa = PBXFileReference; lastKnownFileType = sourcecode.swift; path = LaneColorMath.swift; sourceTree = "<group>"; };
		3C7F49FAC534A5E34F4121FF /* TestMP3FixtureTests.swift */ = {isa = PBXFileReference; lastKnownFileType = sourcecode.swift; path = TestMP3FixtureTests.swift; sourceTree = "<group>"; };
		3EDC2F41A944C982002CF4F5 /* TimeFormattingTests.swift */ = {isa = PBXFileReference; lastKnownFileType = sourcecode.swift; path = TimeFormattingTests.swift; sourceTree = "<group>"; };
		400B2699D1466710EA436E94 /* SVLoadingWave.swift */ = {isa = PBXFileReference; lastKnownFileType = sourcecode.swift; path = SVLoadingWave.swift; sourceTree = "<group>"; };
		402D2848143CD1E1535DA025 /* AudioFileIO+Resample.swift */ = {isa = PBXFileReference; lastKnownFileType = sourcecode.swift; path = "AudioFileIO+Resample.swift"; sourceTree = "<group>"; };
		404644C2B096536F316E7494 /* PeakTierMath.swift */ = {isa = PBXFileReference; lastKnownFileType = sourcecode.swift; path = PeakTierMath.swift; sourceTree = "<group>"; };
		427D086E71E1E14108A1FE5D /* AudioFileIO+Export.swift */ = {isa = PBXFileReference; lastKnownFileType = sourcecode.swift; path = "AudioFileIO+Export.swift"; sourceTree = "<group>"; };
		42EE4FC7B1ED635452EF10AE /* StemView.swift */ = {isa = PBXFileReference; lastKnownFileType = sourcecode.swift; path = StemView.swift; sourceTree = "<group>"; };
		435233D238E6D9A647240958 /* TrimMathTests.swift */ = {isa = PBXFileReference; lastKnownFileType = sourcecode.swift; path = TrimMathTests.swift; sourceTree = "<group>"; };
		4416FF731FE2045C4C981B90 /* WaveformTierCache.swift */ = {isa = PBXFileReference; lastKnownFileType = sourcecode.swift; path = WaveformTierCache.swift; sourceTree = "<group>"; };
		47661BF9FA191F745EEC6ADA /* SoundView.app */ = {isa = PBXFileReference; includeInIndex = 0; lastKnownFileType = wrapper.application; path = SoundView.app; sourceTree = BUILT_PRODUCTS_DIR; };
		47AAB184269DBC8A69C68291 /* StemDeskView+ViewModel.swift */ = {isa = PBXFileReference; lastKnownFileType = sourcecode.swift; path = "StemDeskView+ViewModel.swift"; sourceTree = "<group>"; };
		49FBB470C2772C9831BB1810 /* StemExporter.swift */ = {isa = PBXFileReference; lastKnownFileType = sourcecode.swift; path = StemExporter.swift; sourceTree = "<group>"; };
		4BA5DBF2ED35873D5128B604 /* SoundViewUITests.swift */ = {isa = PBXFileReference; lastKnownFileType = sourcecode.swift; path = SoundViewUITests.swift; sourceTree = "<group>"; };
		4CE470E69F3A8F61921A6216 /* SVQualityMeter.swift */ = {isa = PBXFileReference; lastKnownFileType = sourcecode.swift; path = SVQualityMeter.swift; sourceTree = "<group>"; };
		50400B613F09DD01423741E4 /* CoordinatedFileIO.swift */ = {isa = PBXFileReference; lastKnownFileType = sourcecode.swift; path = CoordinatedFileIO.swift; sourceTree = "<group>"; };
		53AB2CA45F62662F52C48ACA /* TestFixtures.swift */ = {isa = PBXFileReference; lastKnownFileType = sourcecode.swift; path = TestFixtures.swift; sourceTree = "<group>"; };
		5502A9F3D19C67B6642920F5 /* SVCapsuleButton.swift */ = {isa = PBXFileReference; lastKnownFileType = sourcecode.swift; path = SVCapsuleButton.swift; sourceTree = "<group>"; };
		569E0B9570FC2B3521DEBD7B /* NiceScale.swift */ = {isa = PBXFileReference; lastKnownFileType = sourcecode.swift; path = NiceScale.swift; sourceTree = "<group>"; };
		58E139CE8AC18ADE8081E657 /* htdemucs_ft_bass.mlpackage */ = {isa = PBXFileReference; path = htdemucs_ft_bass.mlpackage; sourceTree = "<group>"; };
		59E44C3783D8F76649FC9534 /* FileStore.swift */ = {isa = PBXFileReference; lastKnownFileType = sourcecode.swift; path = FileStore.swift; sourceTree = "<group>"; };
		61F7BF31C963E75B38740CF2 /* SoundViewTests.xctest */ = {isa = PBXFileReference; includeInIndex = 0; lastKnownFileType = wrapper.cfbundle; path = SoundViewTests.xctest; sourceTree = BUILT_PRODUCTS_DIR; };
		650E7A4D67D6739A89AD6389 /* AudioFixtures */ = {isa = PBXFileReference; lastKnownFileType = folder; name = AudioFixtures; path = Fixtures/Audio; sourceTree = SOURCE_ROOT; };
		68CCE9E96A47E4147CD67753 /* SVDebugBadge.swift */ = {isa = PBXFileReference; lastKnownFileType = sourcecode.swift; path = SVDebugBadge.swift; sourceTree = "<group>"; };
		69D4CA24161D9D67C46D4751 /* OverlapAddStreamer.swift */ = {isa = PBXFileReference; lastKnownFileType = sourcecode.swift; path = OverlapAddStreamer.swift; sourceTree = "<group>"; };
		6D05F3C697CFEBC69EF587D5 /* OverlapAdd.swift */ = {isa = PBXFileReference; lastKnownFileType = sourcecode.swift; path = OverlapAdd.swift; sourceTree = "<group>"; };
		6D3B1CEC546FFE1185B3F194 /* StemMixer.swift */ = {isa = PBXFileReference; lastKnownFileType = sourcecode.swift; path = StemMixer.swift; sourceTree = "<group>"; };
		6F1B9F3597DB6A3E025B49BD /* MixMatrix.swift */ = {isa = PBXFileReference; lastKnownFileType = sourcecode.swift; path = MixMatrix.swift; sourceTree = "<group>"; };
		6F87340F10D80EEBAED1EE25 /* DeviceKind.swift */ = {isa = PBXFileReference; lastKnownFileType = sourcecode.swift; path = DeviceKind.swift; sourceTree = "<group>"; };
		70263CB45874350544490545 /* ReferenceDemucsBackend.swift */ = {isa = PBXFileReference; lastKnownFileType = sourcecode.swift; path = ReferenceDemucsBackend.swift; sourceTree = "<group>"; };
		72A1487190FC42AE5B4AD940 /* LibraryView+ViewModel.swift */ = {isa = PBXFileReference; lastKnownFileType = sourcecode.swift; path = "LibraryView+ViewModel.swift"; sourceTree = "<group>"; };
		7457EAA7D79E5A31C6528632 /* SVTimeRuler.swift */ = {isa = PBXFileReference; lastKnownFileType = sourcecode.swift; path = SVTimeRuler.swift; sourceTree = "<group>"; };
		74701D746C81F9D808C30C22 /* DevelopmentLibrarySeeder.swift */ = {isa = PBXFileReference; lastKnownFileType = sourcecode.swift; path = DevelopmentLibrarySeeder.swift; sourceTree = "<group>"; };
		758DBC4EF3A51DF63C6C3198 /* SeparationView+ViewModel.swift */ = {isa = PBXFileReference; lastKnownFileType = sourcecode.swift; path = "SeparationView+ViewModel.swift"; sourceTree = "<group>"; };
		759A4C3792D8DA333D184D86 /* PackageLayout.swift */ = {isa = PBXFileReference; lastKnownFileType = sourcecode.swift; path = PackageLayout.swift; sourceTree = "<group>"; };
		75CFD86BAA1A32C2C330BC6D /* htdemucs_ft_vocals.mlpackage */ = {isa = PBXFileReference; path = htdemucs_ft_vocals.mlpackage; sourceTree = "<group>"; };
		77C5F6C847CE3C12013DE997 /* RelativeDayLabel.swift */ = {isa = PBXFileReference; lastKnownFileType = sourcecode.swift; path = RelativeDayLabel.swift; sourceTree = "<group>"; };
		8191966D09129BB928E5316C /* Log.swift */ = {isa = PBXFileReference; lastKnownFileType = sourcecode.swift; path = Log.swift; sourceTree = "<group>"; };
		83D00EBF00DEBF165B631775 /* RecorderView+ViewModel.swift */ = {isa = PBXFileReference; lastKnownFileType = sourcecode.swift; path = "RecorderView+ViewModel.swift"; sourceTree = "<group>"; };
		86A0ABF0D758E7EF685AB9D8 /* DemucsSpecTests.swift */ = {isa = PBXFileReference; lastKnownFileType = sourcecode.swift; path = DemucsSpecTests.swift; sourceTree = "<group>"; };
		878006D31F9C64CAF18469D0 /* StemCatalog.swift */ = {isa = PBXFileReference; lastKnownFileType = sourcecode.swift; path = StemCatalog.swift; sourceTree = "<group>"; };
		8C7A3CF9FC78B498A5D34471 /* RealFFT.swift */ = {isa = PBXFileReference; lastKnownFileType = sourcecode.swift; path = RealFFT.swift; sourceTree = "<group>"; };
		8FF93480A44C82CC5861B53D /* Palette.swift */ = {isa = PBXFileReference; lastKnownFileType = sourcecode.swift; path = Palette.swift; sourceTree = "<group>"; };
		90784140E17D97CC8B755E84 /* SVTransportBar.swift */ = {isa = PBXFileReference; lastKnownFileType = sourcecode.swift; path = SVTransportBar.swift; sourceTree = "<group>"; };
		91E839C990CEB04AA7048E4C /* ScreenshotReviewTests.swift */ = {isa = PBXFileReference; lastKnownFileType = sourcecode.swift; path = ScreenshotReviewTests.swift; sourceTree = "<group>"; };
		93A5C66B569E333988AAA2AC /* SeparationE2ETests.swift */ = {isa = PBXFileReference; lastKnownFileType = sourcecode.swift; path = SeparationE2ETests.swift; sourceTree = "<group>"; };
		960CA0F456390C20014A7B16 /* StemExportSheet+ViewModel.swift */ = {isa = PBXFileReference; lastKnownFileType = sourcecode.swift; path = "StemExportSheet+ViewModel.swift"; sourceTree = "<group>"; };
		96972B3C085F2B8AE9BE864B /* DesignSystemCatalog.swift */ = {isa = PBXFileReference; lastKnownFileType = sourcecode.swift; path = DesignSystemCatalog.swift; sourceTree = "<group>"; };
		9858741CD5322B49157FA9D4 /* Typography.swift */ = {isa = PBXFileReference; lastKnownFileType = sourcecode.swift; path = Typography.swift; sourceTree = "<group>"; };
		9B98753567397BFA816182AA /* StorageRoot.swift */ = {isa = PBXFileReference; lastKnownFileType = sourcecode.swift; path = StorageRoot.swift; sourceTree = "<group>"; };
		9FEEDF10C943683867C1A04E /* StemDeskView.swift */ = {isa = PBXFileReference; lastKnownFileType = sourcecode.swift; path = StemDeskView.swift; sourceTree = "<group>"; };
		A0563D382A20946C26D95263 /* SVMuteSoloButtons.swift */ = {isa = PBXFileReference; lastKnownFileType = sourcecode.swift; path = SVMuteSoloButtons.swift; sourceTree = "<group>"; };
		A09D7C4D130F01EDA5280976 /* PlaybackClock.swift */ = {isa = PBXFileReference; lastKnownFileType = sourcecode.swift; path = PlaybackClock.swift; sourceTree = "<group>"; };
		A2A00448ED014D5490E19BDF /* SeparationView.swift */ = {isa = PBXFileReference; lastKnownFileType = sourcecode.swift; path = SeparationView.swift; sourceTree = "<group>"; };
		A2AE2C52D9DA96F75296CC30 /* NiceScaleTests.swift */ = {isa = PBXFileReference; lastKnownFileType = sourcecode.swift; path = NiceScaleTests.swift; sourceTree = "<group>"; };
		A2D2EF47C7F6D8EBA4B32DF6 /* MLMultiArrayFloatTests.swift */ = {isa = PBXFileReference; lastKnownFileType = sourcecode.swift; path = MLMultiArrayFloatTests.swift; sourceTree = "<group>"; };
		A2FB34056869AD07E18CD176 /* ModelCatalog.swift */ = {isa = PBXFileReference; lastKnownFileType = sourcecode.swift; path = ModelCatalog.swift; sourceTree = "<group>"; };
		A3331570C2C4613007D1B473 /* htdemucs_manifest.json */ = {isa = PBXFileReference; lastKnownFileType = text.json; path = htdemucs_manifest.json; sourceTree = "<group>"; };
		A405196FFC558CD886E216F6 /* FileStoreTests.swift */ = {isa = PBXFileReference; lastKnownFileType = sourcecode.swift; path = FileStoreTests.swift; sourceTree = "<group>"; };
		A68197EE1DA6148DF7609223 /* RecorderViewRobot.swift */ = {isa = PBXFileReference; lastKnownFileType = sourcecode.swift; path = RecorderViewRobot.swift; sourceTree = "<group>"; };
		A6C61EF7D2668D7034800282 /* DemucsSpec.swift */ = {isa = PBXFileReference; lastKnownFileType = sourcecode.swift; path = DemucsSpec.swift; sourceTree = "<group>"; };
		A82ADDBB0867464A2F422532 /* StemSeparator.swift */ = {isa = PBXFileReference; lastKnownFileType = sourcecode.swift; path = StemSeparator.swift; sourceTree = "<group>"; };
		AAB655078582612199377E57 /* OSLogSink.swift */ = {isa = PBXFileReference; lastKnownFileType = sourcecode.swift; path = OSLogSink.swift; sourceTree = "<group>"; };
		AAC99F1C945C225A4083AF95 /* StemViewRobot.swift */ = {isa = PBXFileReference; lastKnownFileType = sourcecode.swift; path = StemViewRobot.swift; sourceTree = "<group>"; };
		AB187664115537F220C4ED5D /* StemEnergyTests.swift */ = {isa = PBXFileReference; lastKnownFileType = sourcecode.swift; path = StemEnergyTests.swift; sourceTree = "<group>"; };
		ADB719BA5BDFBD254C0E544C /* PlaybackClockTests.swift */ = {isa = PBXFileReference; lastKnownFileType = sourcecode.swift; path = PlaybackClockTests.swift; sourceTree = "<group>"; };
		B15387EBFB3D525E7B6A3A5E /* Idilio.mp3 */ = {isa = PBXFileReference; lastKnownFileType = audio.mp3; path = Idilio.mp3; sourceTree = "<group>"; };
		B6926E9F70FFEEE5D5CD944B /* StemLaneView.swift */ = {isa = PBXFileReference; lastKnownFileType = sourcecode.swift; path = StemLaneView.swift; sourceTree = "<group>"; };
		BCB8EA02701E9DB77E830CDB /* Spacing.swift */ = {isa = PBXFileReference; lastKnownFileType = sourcecode.swift; path = Spacing.swift; sourceTree = "<group>"; };
		C1538EE832B5A27DD6FED869 /* ViewportMath.swift */ = {isa = PBXFileReference; lastKnownFileType = sourcecode.swift; path = ViewportMath.swift; sourceTree = "<group>"; };
		C2867FF6EAA0640BE691A947 /* SVVolumeSlider.swift */ = {isa = PBXFileReference; lastKnownFileType = sourcecode.swift; path = SVVolumeSlider.swift; sourceTree = "<group>"; };
		C2E3B9FD48C941EF3814184B /* LaneColorMathTests.swift */ = {isa = PBXFileReference; lastKnownFileType = sourcecode.swift; path = LaneColorMathTests.swift; sourceTree = "<group>"; };
		C3A32FF91D579BF8C991EEF7 /* TrimMath.swift */ = {isa = PBXFileReference; lastKnownFileType = sourcecode.swift; path = TrimMath.swift; sourceTree = "<group>"; };
		C97606E6CAFB55B2A7DC0A85 /* SVStemBadge.swift */ = {isa = PBXFileReference; lastKnownFileType = sourcecode.swift; path = SVStemBadge.swift; sourceTree = "<group>"; };
		D072FCDC55EA94D0C6854501 /* ViewportMathTests.swift */ = {isa = PBXFileReference; lastKnownFileType = sourcecode.swift; path = ViewportMathTests.swift; sourceTree = "<group>"; };
		D266B8BCEB9F8F0B64633EED /* StemExporterTests.swift */ = {isa = PBXFileReference; lastKnownFileType = sourcecode.swift; path = StemExporterTests.swift; sourceTree = "<group>"; };
		D3243B08BAA5DBFCB2FCE9C2 /* DemucsManifest.swift */ = {isa = PBXFileReference; lastKnownFileType = sourcecode.swift; path = DemucsManifest.swift; sourceTree = "<group>"; };
		D6C12422CA4064D2EAADE21A /* AboutView.swift */ = {isa = PBXFileReference; lastKnownFileType = sourcecode.swift; path = AboutView.swift; sourceTree = "<group>"; };
		D94FF6CB00A848BB4597ADA2 /* SVReturnToPlayheadChip.swift */ = {isa = PBXFileReference; lastKnownFileType = sourcecode.swift; path = SVReturnToPlayheadChip.swift; sourceTree = "<group>"; };
		DB9168EA804DD651E4FC8DE2 /* AudioMetadataReader.swift */ = {isa = PBXFileReference; lastKnownFileType = sourcecode.swift; path = AudioMetadataReader.swift; sourceTree = "<group>"; };
		DE1B7228EB4B0056FB6A2ABF /* SoundViewUITests.xctest */ = {isa = PBXFileReference; includeInIndex = 0; lastKnownFileType = wrapper.cfbundle; path = SoundViewUITests.xctest; sourceTree = BUILT_PRODUCTS_DIR; };
		DED9881DCAD62D4CDAF4E0AB /* RecorderView.swift */ = {isa = PBXFileReference; lastKnownFileType = sourcecode.swift; path = RecorderView.swift; sourceTree = "<group>"; };
		DF8C430A03928FA0A0D1171C /* STFTTests.swift */ = {isa = PBXFileReference; lastKnownFileType = sourcecode.swift; path = STFTTests.swift; sourceTree = "<group>"; };
		E356E866D9513427D8CD7728 /* StemExportInputs.swift */ = {isa = PBXFileReference; lastKnownFileType = sourcecode.swift; path = StemExportInputs.swift; sourceTree = "<group>"; };
		E3A10618D7EF66433498AB3C /* OverlapAddStreamerTests.swift */ = {isa = PBXFileReference; lastKnownFileType = sourcecode.swift; path = OverlapAddStreamerTests.swift; sourceTree = "<group>"; };
		E3FBE6FA86EC5E863DEDD8B5 /* LaneHeaderColumn.swift */ = {isa = PBXFileReference; lastKnownFileType = sourcecode.swift; path = LaneHeaderColumn.swift; sourceTree = "<group>"; };
		E7C0BEC5FDED4E24425136EF /* FileStoreError.swift */ = {isa = PBXFileReference; lastKnownFileType = sourcecode.swift; path = FileStoreError.swift; sourceTree = "<group>"; };
		E8F741FB5CE346D4B1F91BC5 /* MemoryReport.swift */ = {isa = PBXFileReference; lastKnownFileType = sourcecode.swift; path = MemoryReport.swift; sourceTree = "<group>"; };
		E91BEBBBDDE7291FEA6934DC /* RootView.swift */ = {isa = PBXFileReference; lastKnownFileType = sourcecode.swift; path = RootView.swift; sourceTree = "<group>"; };
		EACE5E532ECA12DC4FF33A42 /* FileLogSink.swift */ = {isa = PBXFileReference; lastKnownFileType = sourcecode.swift; path = FileLogSink.swift; sourceTree = "<group>"; };
		EB98264CA106A115FECAF2D1 /* PeakDecimationTests.swift */ = {isa = PBXFileReference; lastKnownFileType = sourcecode.swift; path = PeakDecimationTests.swift; sourceTree = "<group>"; };
		EC4109806DB62A4347245FE7 /* htdemucs_ft_other.mlpackage */ = {isa = PBXFileReference; path = htdemucs_ft_other.mlpackage; sourceTree = "<group>"; };
		F37B3B3A30A5662A9B7DF3DB /* WaveformTiers.swift */ = {isa = PBXFileReference; lastKnownFileType = sourcecode.swift; path = WaveformTiers.swift; sourceTree = "<group>"; };
		F39AE96661A231498CB105A7 /* SoundView.entitlements */ = {isa = PBXFileReference; lastKnownFileType = text.plist.entitlements; path = SoundView.entitlements; sourceTree = "<group>"; };
		F40C1BECB3175D2D5FFF4949 /* SongPackage.swift */ = {isa = PBXFileReference; lastKnownFileType = sourcecode.swift; path = SongPackage.swift; sourceTree = "<group>"; };
		F5B7EE0664DAA9F1CD9B5071 /* SeparationQuality.swift */ = {isa = PBXFileReference; lastKnownFileType = sourcecode.swift; path = SeparationQuality.swift; sourceTree = "<group>"; };
		F7B8A9DFE38A958659BF926D /* TimeFormatting.swift */ = {isa = PBXFileReference; lastKnownFileType = sourcecode.swift; path = TimeFormatting.swift; sourceTree = "<group>"; };
		FA0A7EE3640272ADA361EA39 /* SVStemModePicker.swift */ = {isa = PBXFileReference; lastKnownFileType = sourcecode.swift; path = SVStemModePicker.swift; sourceTree = "<group>"; };
		FF21F553B0F8E80BBB901E10 /* WAVStreamWriter.swift */ = {isa = PBXFileReference; lastKnownFileType = sourcecode.swift; path = WAVStreamWriter.swift; sourceTree = "<group>"; };
/* End PBXFileReference section */

/* Begin PBXGroup section */
		0A58828C37BA8C2461137694 /* Molecules */ = {
			isa = PBXGroup;
			children = (
				5502A9F3D19C67B6642920F5 /* SVCapsuleButton.swift */,
				68CCE9E96A47E4147CD67753 /* SVDebugBadge.swift */,
				400B2699D1466710EA436E94 /* SVLoadingWave.swift */,
				A0563D382A20946C26D95263 /* SVMuteSoloButtons.swift */,
				D94FF6CB00A848BB4597ADA2 /* SVReturnToPlayheadChip.swift */,
				C97606E6CAFB55B2A7DC0A85 /* SVStemBadge.swift */,
				0E611C379BA8CD9ACD98B1C5 /* SVTimecodeLabel.swift */,
				C2867FF6EAA0640BE691A947 /* SVVolumeSlider.swift */,
			);
			path = Molecules;
			sourceTree = "<group>";
		};
		0F38B65DE3B35549863108CB /* DesignSystem */ = {
			isa = PBXGroup;
			children = (
				8E2AB53F073FA1FAD79BDFCA /* Atoms */,
				183A98E7B0DA55EB00932AD4 /* Catalog */,
				0A58828C37BA8C2461137694 /* Molecules */,
				AAA6CFA1E2ED6CFA44F3C2F6 /* Organisms */,
			);
			path = DesignSystem;
			sourceTree = "<group>";
		};
		1083C08751DAFBF21EC07DFA /* Library */ = {
			isa = PBXGroup;
			children = (
				37C1EA27FAFC31E4D34C81AD /* LibrarySidebar.swift */,
				15237F527C8BF586A7E7F758 /* LibraryView.swift */,
				72A1487190FC42AE5B4AD940 /* LibraryView+ViewModel.swift */,
				1E1FB8116D2B500D152566EC /* SongDestinationView.swift */,
			);
			path = Library;
			sourceTree = "<group>";
		};
		172A12325FA509797FDC12FE /* Features */ = {
			isa = PBXGroup;
			children = (
				8084475287A4842AD75FD69E /* About */,
				1083C08751DAFBF21EC07DFA /* Library */,
				5D2327A9C34DA011E81E504C /* Recorder */,
				E18870A70ED065FF27605625 /* Separation */,
				933A5C5063708D38ACD6C356 /* Stems */,
			);
			path = Features;
			sourceTree = "<group>";
		};
		183A98E7B0DA55EB00932AD4 /* Catalog */ = {
			isa = PBXGroup;
			children = (
				96972B3C085F2B8AE9BE864B /* DesignSystemCatalog.swift */,
			);
			path = Catalog;
			sourceTree = "<group>";
		};
		1F464CAE6F9C5F7D5F78B018 /* Mixing */ = {
			isa = PBXGroup;
			children = (
				6D3B1CEC546FFE1185B3F194 /* StemMixer.swift */,
			);
			path = Mixing;
			sourceTree = "<group>";
		};
		203D84304661C9468223CA81 /* Products */ = {
			isa = PBXGroup;
			children = (
				47661BF9FA191F745EEC6ADA /* SoundView.app */,
				61F7BF31C963E75B38740CF2 /* SoundViewTests.xctest */,
				DE1B7228EB4B0056FB6A2ABF /* SoundViewUITests.xctest */,
			);
			name = Products;
			sourceTree = "<group>";
		};
		219C575BB20F945ABFE7F9B1 /* Support */ = {
			isa = PBXGroup;
			children = (
				9A9E5DC99F26AB7CD3A3D177 /* Logging */,
				0D0A0658622206429AB681D9 /* A11yID.swift */,
				6F87340F10D80EEBAED1EE25 /* DeviceKind.swift */,
				F7B8A9DFE38A958659BF926D /* TimeFormatting.swift */,
			);
			path = Support;
			sourceTree = "<group>";
		};
		42BA6B929B83CAE2CC59FBA2 /* Waveform */ = {
			isa = PBXGroup;
			children = (
				4416FF731FE2045C4C981B90 /* WaveformTierCache.swift */,
				F37B3B3A30A5662A9B7DF3DB /* WaveformTiers.swift */,
			);
			path = Waveform;
			sourceTree = "<group>";
		};
		4E63154687AE29477B595F44 /* Robots */ = {
			isa = PBXGroup;
			children = (
				05B9E3FE1520995AE893E944 /* LibraryViewRobot.swift */,
				A68197EE1DA6148DF7609223 /* RecorderViewRobot.swift */,
				265E0DC4768EF23E54720285 /* SeparationViewRobot.swift */,
				AAC99F1C945C225A4083AF95 /* StemViewRobot.swift */,
			);
			path = Robots;
			sourceTree = "<group>";
		};
		50131BC1A389AA71659F92AD /* Integration */ = {
			isa = PBXGroup;
			children = (
				93A5C66B569E333988AAA2AC /* SeparationE2ETests.swift */,
				3C7F49FAC534A5E34F4121FF /* TestMP3FixtureTests.swift */,
			);
			path = Integration;
			sourceTree = "<group>";
		};
		505FD85D327A575D9E386C5D /* Support */ = {
			isa = PBXGroup;
			children = (
				53AB2CA45F62662F52C48ACA /* TestFixtures.swift */,
				3EDC2F41A944C982002CF4F5 /* TimeFormattingTests.swift */,
			);
			path = Support;
			sourceTree = "<group>";
		};
		5B5DEA9B0402F7572B4B3AD9 /* Services */ = {
			isa = PBXGroup;
			children = (
				A405196FFC558CD886E216F6 /* FileStoreTests.swift */,
				A2D2EF47C7F6D8EBA4B32DF6 /* MLMultiArrayFloatTests.swift */,
				D266B8BCEB9F8F0B64633EED /* StemExporterTests.swift */,
			);
			path = Services;
			sourceTree = "<group>";
		};
		5D2327A9C34DA011E81E504C /* Recorder */ = {
			isa = PBXGroup;
			children = (
				DED9881DCAD62D4CDAF4E0AB /* RecorderView.swift */,
				83D00EBF00DEBF165B631775 /* RecorderView+ViewModel.swift */,
			);
			path = Recorder;
			sourceTree = "<group>";
		};
		658B9D4E95359BCB5C122E81 /* App */ = {
			isa = PBXGroup;
			children = (
				131E937653DEEF0FBE7DC6E0 /* AppEnvironment.swift */,
				E91BEBBBDDE7291FEA6934DC /* RootView.swift */,
				09F6F6F1CBDEDC486A8FF3AC /* SoundViewApp.swift */,
			);
			path = App;
			sourceTree = "<group>";
		};
		8084475287A4842AD75FD69E /* About */ = {
			isa = PBXGroup;
			children = (
				D6C12422CA4064D2EAADE21A /* AboutView.swift */,
			);
			path = About;
			sourceTree = "<group>";
		};
		8BED6BEE7E93DD5343EBF99E /* Export */ = {
			isa = PBXGroup;
			children = (
				427D086E71E1E14108A1FE5D /* AudioFileIO+Export.swift */,
				49FBB470C2772C9831BB1810 /* StemExporter.swift */,
			);
			path = Export;
			sourceTree = "<group>";
		};
		8BFAC643939E1D443E129345 /* Audio */ = {
			isa = PBXGroup;
			children = (
				B15387EBFB3D525E7B6A3A5E /* Idilio.mp3 */,
			);
			name = Audio;
			path = Fixtures/Audio;
			sourceTree = "<group>";
		};
		8E2AB53F073FA1FAD79BDFCA /* Atoms */ = {
			isa = PBXGroup;
			children = (
				8FF93480A44C82CC5861B53D /* Palette.swift */,
				BCB8EA02701E9DB77E830CDB /* Spacing.swift */,
				37FC70CF30AE38E732F544D0 /* SVAnimation.swift */,
				9858741CD5322B49157FA9D4 /* Typography.swift */,
			);
			path = Atoms;
			sourceTree = "<group>";
		};
		933A5C5063708D38ACD6C356 /* Stems */ = {
			isa = PBXGroup;
			children = (
				E3FBE6FA86EC5E863DEDD8B5 /* LaneHeaderColumn.swift */,
				9FEEDF10C943683867C1A04E /* StemDeskView.swift */,
				47AAB184269DBC8A69C68291 /* StemDeskView+ViewModel.swift */,
				E356E866D9513427D8CD7728 /* StemExportInputs.swift */,
				119CAC8D9951DEE34CDB642E /* StemExportSheet.swift */,
				960CA0F456390C20014A7B16 /* StemExportSheet+ViewModel.swift */,
				B6926E9F70FFEEE5D5CD944B /* StemLaneView.swift */,
				07E441E6F2567EBBC9D8EEDA /* StemPlayerModel.swift */,
				42EE4FC7B1ED635452EF10AE /* StemView.swift */,
				050FFAFBCCFB00DD583589E5 /* WaveTimelineGestures.swift */,
			);
			path = Stems;
			sourceTree = "<group>";
		};
		9A9E5DC99F26AB7CD3A3D177 /* Logging */ = {
			isa = PBXGroup;
			children = (
				348AF9C55DDCF445D4A86F3B /* BreadcrumbStore.swift */,
				EACE5E532ECA12DC4FF33A42 /* FileLogSink.swift */,
				8191966D09129BB928E5316C /* Log.swift */,
				3854757BECC0A1FE1922EA5A /* LogSink.swift */,
				E8F741FB5CE346D4B1F91BC5 /* MemoryReport.swift */,
				AAB655078582612199377E57 /* OSLogSink.swift */,
			);
			path = Logging;
			sourceTree = "<group>";
		};
		9E57F46B276ADEB0376309FE /* SoundViewTests */ = {
			isa = PBXGroup;
			children = (
				50131BC1A389AA71659F92AD /* Integration */,
				F56F16C9DFB81402A930A815 /* Math */,
				5B5DEA9B0402F7572B4B3AD9 /* Services */,
				505FD85D327A575D9E386C5D /* Support */,
			);
			path = SoundViewTests;
			sourceTree = "<group>";
		};
		A18E8CB563C84F355EAE869A /* Services */ = {
			isa = PBXGroup;
			children = (
				8BED6BEE7E93DD5343EBF99E /* Export */,
				1F464CAE6F9C5F7D5F78B018 /* Mixing */,
				D6B935C0AF9EC1478622125C /* Protocols */,
				AA8560865FB452775CEB5DC8 /* Separation */,
				CA4768C129B6BD3EB0BDD583 /* Storage */,
				42BA6B929B83CAE2CC59FBA2 /* Waveform */,
				59E44C3783D8F76649FC9534 /* FileStore.swift */,
			);
			path = Services;
			sourceTree = "<group>";
		};
		AA8560865FB452775CEB5DC8 /* Separation */ = {
			isa = PBXGroup;
			children = (
				025BBF56AF25EEB140BB6423 /* AudioFileIO.swift */,
				402D2848143CD1E1535DA025 /* AudioFileIO+Resample.swift */,
				15BFAA75F4C9D04036780221 /* CoreMLDemucsBackend.swift */,
				D3243B08BAA5DBFCB2FCE9C2 /* DemucsManifest.swift */,
				136FD5D3C213F2E37D83068C /* MLMultiArray+Float.swift */,
				A2FB34056869AD07E18CD176 /* ModelCatalog.swift */,
				70263CB45874350544490545 /* ReferenceDemucsBackend.swift */,
				1B838CC0D8DDFD1D64274B2D /* ReferenceStemBank.swift */,
				0C2F8892B486F89F33F6CD56 /* StemAssembly.swift */,
				878006D31F9C64CAF18469D0 /* StemCatalog.swift */,
				A82ADDBB0867464A2F422532 /* StemSeparator.swift */,
				FF21F553B0F8E80BBB901E10 /* WAVStreamWriter.swift */,
			);
			path = Separation;
			sourceTree = "<group>";
		};
		AAA6CFA1E2ED6CFA44F3C2F6 /* Organisms */ = {
			isa = PBXGroup;
			children = (
				04093AD796D65DB4A2E34DED /* SVEmptyState.swift */,
				4CE470E69F3A8F61921A6216 /* SVQualityMeter.swift */,
				289C9107F4AB5F37567D8497 /* SVQualityPicker.swift */,
				FA0A7EE3640272ADA361EA39 /* SVStemModePicker.swift */,
				099D9E49294E665AE1AD2F30 /* SVSyncStatusLine.swift */,
				7457EAA7D79E5A31C6528632 /* SVTimeRuler.swift */,
				90784140E17D97CC8B755E84 /* SVTransportBar.swift */,
				2AD4B90ED22FDA9878266944 /* SVWaveformCanvas.swift */,
			);
			path = Organisms;
			sourceTree = "<group>";
		};
		B8D72228F8294197DCE1E709 /* Resources */ = {
			isa = PBXGroup;
			children = (
				58E139CE8AC18ADE8081E657 /* htdemucs_ft_bass.mlpackage */,
				0A8399138B7797C82FA69AB3 /* htdemucs_ft_drums.mlpackage */,
				EC4109806DB62A4347245FE7 /* htdemucs_ft_other.mlpackage */,
				75CFD86BAA1A32C2C330BC6D /* htdemucs_ft_vocals.mlpackage */,
				A3331570C2C4613007D1B473 /* htdemucs_manifest.json */,
			);
			path = Resources;
			sourceTree = "<group>";
		};
		C3043754620FAB0BF2561313 /* Math */ = {
			isa = PBXGroup;
			children = (
				A6C61EF7D2668D7034800282 /* DemucsSpec.swift */,
				3A4DF52125EF111F0B069852 /* LaneColorMath.swift */,
				6F1B9F3597DB6A3E025B49BD /* MixMatrix.swift */,
				569E0B9570FC2B3521DEBD7B /* NiceScale.swift */,
				6D05F3C697CFEBC69EF587D5 /* OverlapAdd.swift */,
				69D4CA24161D9D67C46D4751 /* OverlapAddStreamer.swift */,
				2629855757A32C3A08F92D69 /* PeakDecimation.swift */,
				404644C2B096536F316E7494 /* PeakTierMath.swift */,
				A09D7C4D130F01EDA5280976 /* PlaybackClock.swift */,
				8C7A3CF9FC78B498A5D34471 /* RealFFT.swift */,
				10D9713303839CFEEE3474AC /* StemEnergy.swift */,
				0605FB48D5AFFC4925ACA9AA /* STFT.swift */,
				C3A32FF91D579BF8C991EEF7 /* TrimMath.swift */,
				C1538EE832B5A27DD6FED869 /* ViewportMath.swift */,
			);
			path = Math;
			sourceTree = "<group>";
		};
		CA1D597FDEA5F18EFEA28AA5 = {
			isa = PBXGroup;
			children = (
				8BFAC643939E1D443E129345 /* Audio */,
				D1EB989F47A03D3E66F2E5AF /* SoundView */,
				9E57F46B276ADEB0376309FE /* SoundViewTests */,
				D9808515BD9D0AABFC473C74 /* SoundViewUITests */,
				650E7A4D67D6739A89AD6389 /* AudioFixtures */,
				203D84304661C9468223CA81 /* Products */,
			);
			sourceTree = "<group>";
		};
		CA4768C129B6BD3EB0BDD583 /* Storage */ = {
			isa = PBXGroup;
			children = (
				DB9168EA804DD651E4FC8DE2 /* AudioMetadataReader.swift */,
				50400B613F09DD01423741E4 /* CoordinatedFileIO.swift */,
				74701D746C81F9D808C30C22 /* DevelopmentLibrarySeeder.swift */,
				E7C0BEC5FDED4E24425136EF /* FileStoreError.swift */,
				759A4C3792D8DA333D184D86 /* PackageLayout.swift */,
				77C5F6C847CE3C12013DE997 /* RelativeDayLabel.swift */,
				9B98753567397BFA816182AA /* StorageRoot.swift */,
			);
			path = Storage;
			sourceTree = "<group>";
		};
		D1EB989F47A03D3E66F2E5AF /* SoundView */ = {
			isa = PBXGroup;
			children = (
				658B9D4E95359BCB5C122E81 /* App */,
				0F38B65DE3B35549863108CB /* DesignSystem */,
				172A12325FA509797FDC12FE /* Features */,
				C3043754620FAB0BF2561313 /* Math */,
				E3254EDA9449E902AD126887 /* Models */,
				B8D72228F8294197DCE1E709 /* Resources */,
				A18E8CB563C84F355EAE869A /* Services */,
				219C575BB20F945ABFE7F9B1 /* Support */,
				F39AE96661A231498CB105A7 /* SoundView.entitlements */,
			);
			path = SoundView;
			sourceTree = "<group>";
		};
		D6B935C0AF9EC1478622125C /* Protocols */ = {
			isa = PBXGroup;
			children = (
				18FCFC05902D0BCF29325F4F /* ServiceProtocols.swift */,
			);
			path = Protocols;
			sourceTree = "<group>";
		};
		D9808515BD9D0AABFC473C74 /* SoundViewUITests */ = {
			isa = PBXGroup;
			children = (
				4E63154687AE29477B595F44 /* Robots */,
				FEE08680CF1EDB73E2F70F7C /* Support */,
				91E839C990CEB04AA7048E4C /* ScreenshotReviewTests.swift */,
				4BA5DBF2ED35873D5128B604 /* SoundViewUITests.swift */,
			);
			path = SoundViewUITests;
			sourceTree = "<group>";
		};
		E18870A70ED065FF27605625 /* Separation */ = {
			isa = PBXGroup;
			children = (
				A2A00448ED014D5490E19BDF /* SeparationView.swift */,
				758DBC4EF3A51DF63C6C3198 /* SeparationView+ViewModel.swift */,
			);
			path = Separation;
			sourceTree = "<group>";
		};
		E3254EDA9449E902AD126887 /* Models */ = {
			isa = PBXGroup;
			children = (
				113E95A06C5E0DE5DF0A8030 /* PackageManifest.swift */,
				F5B7EE0664DAA9F1CD9B5071 /* SeparationQuality.swift */,
				F40C1BECB3175D2D5FFF4949 /* SongPackage.swift */,
				18E8CD815BA4C498BE3FA882 /* StemMode.swift */,
			);
			path = Models;
			sourceTree = "<group>";
		};
		F56F16C9DFB81402A930A815 /* Math */ = {
			isa = PBXGroup;
			children = (
				0330933AF6A82CB39F4FB58F /* DemucsProbeTests.swift */,
				86A0ABF0D758E7EF685AB9D8 /* DemucsSpecTests.swift */,
				C2E3B9FD48C941EF3814184B /* LaneColorMathTests.swift */,
				1292AD81705EB4D7F3F90D0C /* MixMatrixTests.swift */,
				A2AE2C52D9DA96F75296CC30 /* NiceScaleTests.swift */,
				E3A10618D7EF66433498AB3C /* OverlapAddStreamerTests.swift */,
				0AE55A460BECDE594EF7176D /* OverlapAddTests.swift */,
				EB98264CA106A115FECAF2D1 /* PeakDecimationTests.swift */,
				39EB4B1307A699D1C3402490 /* PeakTierMathTests.swift */,
				ADB719BA5BDFBD254C0E544C /* PlaybackClockTests.swift */,
				AB187664115537F220C4ED5D /* StemEnergyTests.swift */,
				DF8C430A03928FA0A0D1171C /* STFTTests.swift */,
				435233D238E6D9A647240958 /* TrimMathTests.swift */,
				08DC56A03E8E6D6429AF2D2D /* ViewportFollowTests.swift */,
				D072FCDC55EA94D0C6854501 /* ViewportMathTests.swift */,
			);
			path = Math;
			sourceTree = "<group>";
		};
		FEE08680CF1EDB73E2F70F7C /* Support */ = {
			isa = PBXGroup;
			children = (
				117AB74A759BA6D6FCD16430 /* UITestIDs.swift */,
			);
			path = Support;
			sourceTree = "<group>";
		};
/* End PBXGroup section */

/* Begin PBXNativeTarget section */
		57EF0014419C9B5D512F169F /* SoundViewUITests */ = {
			isa = PBXNativeTarget;
			buildConfigurationList = 485358F373F2036D4CB0802B /* Build configuration list for PBXNativeTarget "SoundViewUITests" */;
			buildPhases = (
				6F609A29B966EC4CFBB4E13E /* Sources */,
				50CEC64C616470555EBC419E /* Resources */,
			);
			buildRules = (
			);
			dependencies = (
				C89510FD02E39FE3776EF722 /* PBXTargetDependency */,
			);
			name = SoundViewUITests;
			packageProductDependencies = (
			);
			productName = SoundViewUITests;
			productReference = DE1B7228EB4B0056FB6A2ABF /* SoundViewUITests.xctest */;
			productType = "com.apple.product-type.bundle.ui-testing";
		};
		ED92761E6763B83BF3A3987B /* SoundViewTests */ = {
			isa = PBXNativeTarget;
			buildConfigurationList = 91519251D1BB9155049B2AEC /* Build configuration list for PBXNativeTarget "SoundViewTests" */;
			buildPhases = (
				CC2B8148910E35053FC34810 /* Sources */,
				A5B629F8B759B5A00DC0331E /* Resources */,
			);
			buildRules = (
			);
			dependencies = (
				73A8F663552766B00ACB3ED2 /* PBXTargetDependency */,
			);
			name = SoundViewTests;
			packageProductDependencies = (
			);
			productName = SoundViewTests;
			productReference = 61F7BF31C963E75B38740CF2 /* SoundViewTests.xctest */;
			productType = "com.apple.product-type.bundle.unit-test";
		};
		F32A88F8FA71F17AD624653B /* SoundView */ = {
			isa = PBXNativeTarget;
			buildConfigurationList = 7F8664B34CF324A44516F1EC /* Build configuration list for PBXNativeTarget "SoundView" */;
			buildPhases = (
				542FBAFABE4923F27CEDB7E1 /* Sources */,
				9B418ABD23B006443D175A48 /* Resources */,
			);
			buildRules = (
			);
			dependencies = (
			);
			name = SoundView;
			packageProductDependencies = (
			);
			productName = SoundView;
			productReference = 47661BF9FA191F745EEC6ADA /* SoundView.app */;
			productType = "com.apple.product-type.application";
		};
/* End PBXNativeTarget section */

/* Begin PBXProject section */
		EA914836DACD03964A4FBACC /* Project object */ = {
			isa = PBXProject;
			attributes = {
				BuildIndependentTargetsInParallel = YES;
				LastUpgradeCheck = 1600;
				TargetAttributes = {
					57EF0014419C9B5D512F169F = {
						DevelopmentTeam = S8662L649U;
						TestTargetID = F32A88F8FA71F17AD624653B;
					};
					ED92761E6763B83BF3A3987B = {
						DevelopmentTeam = S8662L649U;
					};
					F32A88F8FA71F17AD624653B = {
						DevelopmentTeam = S8662L649U;
						ProvisioningStyle = Automatic;
					};
				};
			};
			buildConfigurationList = D165BD5DD66DD17E07B0F09C /* Build configuration list for PBXProject "SoundView" */;
			developmentRegion = en;
			hasScannedForEncodings = 0;
			knownRegions = (
				Base,
				en,
			);
			mainGroup = CA1D597FDEA5F18EFEA28AA5;
			minimizedProjectReferenceProxies = 1;
			preferredProjectObjectVersion = 77;
			productRefGroup = 203D84304661C9468223CA81 /* Products */;
			projectDirPath = "";
			projectRoot = "";
			targets = (
				F32A88F8FA71F17AD624653B /* SoundView */,
				ED92761E6763B83BF3A3987B /* SoundViewTests */,
				57EF0014419C9B5D512F169F /* SoundViewUITests */,
			);
		};
/* End PBXProject section */

/* Begin PBXResourcesBuildPhase section */
		50CEC64C616470555EBC419E /* Resources */ = {
			isa = PBXResourcesBuildPhase;
			buildActionMask = 2147483647;
			files = (
				6D81EB365AB08853A20A1B7D /* AudioFixtures in Resources */,
			);
			runOnlyForDeploymentPostprocessing = 0;
		};
		9B418ABD23B006443D175A48 /* Resources */ = {
			isa = PBXResourcesBuildPhase;
			buildActionMask = 2147483647;
			files = (
				3A6FFDA58309C3489D774DAF /* Idilio.mp3 in Resources */,
				CCF81BCE58C0956D648A34BF /* htdemucs_manifest.json in Resources */,
			);
			runOnlyForDeploymentPostprocessing = 0;
		};
		A5B629F8B759B5A00DC0331E /* Resources */ = {
			isa = PBXResourcesBuildPhase;
			buildActionMask = 2147483647;
			files = (
				F54EA87E3C025B1FB9243C84 /* AudioFixtures in Resources */,
			);
			runOnlyForDeploymentPostprocessing = 0;
		};
/* End PBXResourcesBuildPhase section */

/* Begin PBXSourcesBuildPhase section */
		542FBAFABE4923F27CEDB7E1 /* Sources */ = {
			isa = PBXSourcesBuildPhase;
			buildActionMask = 2147483647;
			files = (
				1ED4D535F60E1DDC0175CF56 /* A11yID.swift in Sources */,
				1BC6BEC8623AA0F85BB841B4 /* AboutView.swift in Sources */,
				773C12A2A06ECDFD136CE104 /* AppEnvironment.swift in Sources */,
				9C708A8667C4BE75CD77030A /* AudioFileIO+Export.swift in Sources */,
				4DA5EB346C16C671D7A25440 /* AudioFileIO+Resample.swift in Sources */,
				86BCFFB5C8D9EE7C0BDC5A18 /* AudioFileIO.swift in Sources */,
				0D98F781D0366C8116FD25E8 /* AudioMetadataReader.swift in Sources */,
				B7732EF45AD91A5E9D01BA91 /* BreadcrumbStore.swift in Sources */,
				FEEFF1427C32F3D2336DE626 /* CoordinatedFileIO.swift in Sources */,
				8EE4E94CE51288B60CFF1BB8 /* CoreMLDemucsBackend.swift in Sources */,
				83E0983B864DB0926D7F480A /* DemucsManifest.swift in Sources */,
				B2FCB85A05C32D1C736DAA72 /* DemucsSpec.swift in Sources */,
				ABF1443F2853B12E78B3111A /* DesignSystemCatalog.swift in Sources */,
				92F1AD29EA59B36C808DBA91 /* DevelopmentLibrarySeeder.swift in Sources */,
				2BA55DC4AAAACD949947EE87 /* DeviceKind.swift in Sources */,
				54B7B8B0B6C008D2EF378A81 /* FileLogSink.swift in Sources */,
				58051811678C4533EFA9A48D /* FileStore.swift in Sources */,
				24E0D6492896292E5BF140EA /* FileStoreError.swift in Sources */,
				CD0EC33C5C4509323072CDD7 /* LaneColorMath.swift in Sources */,
				0B45F8ED2F3C25D4EB595D66 /* LaneHeaderColumn.swift in Sources */,
				13A5225C72EAB66051A3119A /* LibrarySidebar.swift in Sources */,
				1DBE08827836A8CB0D1A8643 /* LibraryView+ViewModel.swift in Sources */,
				8044985705ECB388C4D08A74 /* LibraryView.swift in Sources */,
				B3A6B0A8B2CCE8E8A06B63DE /* Log.swift in Sources */,
				3F29EC3877BAC457CB960957 /* LogSink.swift in Sources */,
				A885DBAED1BEB8F7FF3FBDEA /* MLMultiArray+Float.swift in Sources */,
				835D273058350DBBE72D7599 /* MemoryReport.swift in Sources */,
				61C622989640D35542D6A01B /* MixMatrix.swift in Sources */,
				DF15E4DAE8B011D32B1FE56A /* ModelCatalog.swift in Sources */,
				F8A20B7539DF30489D5FC55A /* NiceScale.swift in Sources */,
				CCEC50E5E73BC89DC0E5C8FC /* OSLogSink.swift in Sources */,
				43A06821A677CF7FF34AEA29 /* OverlapAdd.swift in Sources */,
				45BFFE2E03AB014C78D0F6D0 /* OverlapAddStreamer.swift in Sources */,
				D49A4BE0A0AAB8CB592BA673 /* PackageLayout.swift in Sources */,
				8DB8AF8B201481B8DB02F70C /* PackageManifest.swift in Sources */,
				E6721A6DB34109A06477B658 /* Palette.swift in Sources */,
				E1FDDB0E8A922DD5E0E59104 /* PeakDecimation.swift in Sources */,
				EE1738046216E5A4B6728B0A /* PeakTierMath.swift in Sources */,
				1713C1927E431038B8655A52 /* PlaybackClock.swift in Sources */,
				55577D3474487AFF5D04E3F5 /* RealFFT.swift in Sources */,
				DF2CF5CEB1F901A4B31CAF28 /* RecorderView+ViewModel.swift in Sources */,
				AA2CA9A52C3D385365440A9E /* RecorderView.swift in Sources */,
				F1E10E16E83F12199909D6BE /* ReferenceDemucsBackend.swift in Sources */,
				BBF442461FB4CB3E3CF7618C /* ReferenceStemBank.swift in Sources */,
				68A03149E22FBD68DB3DD67B /* RelativeDayLabel.swift in Sources */,
				AD1BADFA28ECDDB10D7EC4D2 /* RootView.swift in Sources */,
				B71302944A2CD76A01DC5593 /* STFT.swift in Sources */,
				159646114A0ACA8889BBBF98 /* SVAnimation.swift in Sources */,
				5D971E570237B91DD8C0A119 /* SVCapsuleButton.swift in Sources */,
				72A33BA5A06A7EA8D7684F2B /* SVDebugBadge.swift in Sources */,
				F997393935B3993838C14AD0 /* SVEmptyState.swift in Sources */,
				CAF3AE1C5B4B1862903371AE /* SVLoadingWave.swift in Sources */,
				51294C0CE769AC58CC5DAE7D /* SVMuteSoloButtons.swift in Sources */,
				062990FBD09886E4756113D1 /* SVQualityMeter.swift in Sources */,
				3DFA40D7A037B862A5111BEF /* SVQualityPicker.swift in Sources */,
				54BF2718A21E175EC49AC554 /* SVReturnToPlayheadChip.swift in Sources */,
				4B71CDE77769B63B59862A10 /* SVStemBadge.swift in Sources */,
				C7179554DB260AA19B619586 /* SVStemModePicker.swift in Sources */,
				C744DD5DA5EE105805E9CAC7 /* SVSyncStatusLine.swift in Sources */,
				EBDD37798D4BBFF72E73B460 /* SVTimeRuler.swift in Sources */,
				09F30144FD5AB808371A91FB /* SVTimecodeLabel.swift in Sources */,
				A5D4DCF7F5DF01482A677446 /* SVTransportBar.swift in Sources */,
				450F2199FF28967E238E3DE4 /* SVVolumeSlider.swift in Sources */,
				20224C03583F139E65977BA4 /* SVWaveformCanvas.swift in Sources */,
				7428C1FF8776D8DED50532C1 /* SeparationQuality.swift in Sources */,
				683EDF197C7FB3D95FE9EE5F /* SeparationView+ViewModel.swift in Sources */,
				95C5BC932F0D3596B4E9F041 /* SeparationView.swift in Sources */,
				BE25D1ABA9E30FEF8D712036 /* ServiceProtocols.swift in Sources */,
				5970AD9A6B6B21DAB5224E84 /* SongDestinationView.swift in Sources */,
				D9048576071D7C3342ED08C4 /* SongPackage.swift in Sources */,
				B6CD846AC0C1EBE7AD08D2FA /* SoundViewApp.swift in Sources */,
				8BA97A1A006A45176C635F03 /* Spacing.swift in Sources */,
				2FEC008E5F8457261FA10EF5 /* StemAssembly.swift in Sources */,
				1925322C57F94F0EE95BFEB7 /* StemCatalog.swift in Sources */,
				CFDCFF6EA23D727FC86172C4 /* StemDeskView+ViewModel.swift in Sources */,
				C696683FA1E222F4A0AF7EE2 /* StemDeskView.swift in Sources */,
				61764DF9D5AC0B8697957C50 /* StemEnergy.swift in Sources */,
				13308FF1A8ED9574C81E7CEF /* StemExportInputs.swift in Sources */,
				636CF0BEF3387D0CD4891AD2 /* StemExportSheet+ViewModel.swift in Sources */,
				677779D849FDC4E49373DE8D /* StemExportSheet.swift in Sources */,
				CA3995A30CA74F15255883D9 /* StemExporter.swift in Sources */,
				8472EBAC3EFED290DF9082A9 /* StemLaneView.swift in Sources */,
				07B81FFC5F2F3F3645F83461 /* StemMixer.swift in Sources */,
				E4EF5010CAE223C95C454BD0 /* StemMode.swift in Sources */,
				FE3F4756ADC94BD8DFF1BE09 /* StemPlayerModel.swift in Sources */,
				8CE851C2C0B2CB767F4611CE /* StemSeparator.swift in Sources */,
				23A526BF9015839AA7BD4F68 /* StemView.swift in Sources */,
				C14A7D3F7DFDCE57B564CED7 /* StorageRoot.swift in Sources */,
				DF3749F14C5C3B758A4A4A5B /* TimeFormatting.swift in Sources */,
				316B491CCBCD94F339CF9D94 /* TrimMath.swift in Sources */,
				BC91EB2C2D54933AE8B08D07 /* Typography.swift in Sources */,
				8BE87A598C387B7AF95078EF /* ViewportMath.swift in Sources */,
				98F27E978742AE0D5EED235F /* WAVStreamWriter.swift in Sources */,
				244F79357FBC1C02FCBFBAF5 /* WaveTimelineGestures.swift in Sources */,
				2D7FFBC6BACDCDCED91DA193 /* WaveformTierCache.swift in Sources */,
				5095A63F54FF1376F572E71B /* WaveformTiers.swift in Sources */,
				1A3AC32243A4A93FD06D045E /* htdemucs_ft_bass.mlpackage in Sources */,
				516B8250C39D7A4EC9F94507 /* htdemucs_ft_drums.mlpackage in Sources */,
				4D4CEF4D2F0E6F5A17029740 /* htdemucs_ft_other.mlpackage in Sources */,
				36EA2CA80CC9E7F0923BBAC1 /* htdemucs_ft_vocals.mlpackage in Sources */,
			);
			runOnlyForDeploymentPostprocessing = 0;
		};
		6F609A29B966EC4CFBB4E13E /* Sources */ = {
			isa = PBXSourcesBuildPhase;
			buildActionMask = 2147483647;
			files = (
				3E003FAE2A70D7DBEBEF9F9D /* LibraryViewRobot.swift in Sources */,
				8F057B2547EDB9080FD8CEC6 /* RecorderViewRobot.swift in Sources */,
				ACCD9011E0430EBF80BCB3D3 /* ScreenshotReviewTests.swift in Sources */,
				B643E7207BF45A654219171F /* SeparationViewRobot.swift in Sources */,
				FF24EFA200873EFF79D80062 /* SoundViewUITests.swift in Sources */,
				55CA581DD366C0EF91370DBA /* StemViewRobot.swift in Sources */,
				4D51CF1553E164C38FD8CDB9 /* UITestIDs.swift in Sources */,
			);
			runOnlyForDeploymentPostprocessing = 0;
		};
		CC2B8148910E35053FC34810 /* Sources */ = {
			isa = PBXSourcesBuildPhase;
			buildActionMask = 2147483647;
			files = (
				642CDDE048413483B226268F /* DemucsProbeTests.swift in Sources */,
				437E2BA72DD98904815E3F89 /* DemucsSpecTests.swift in Sources */,
				206B30D71082B63738530E05 /* FileStoreTests.swift in Sources */,
				2646AEC09C6BAF59AA32BE54 /* LaneColorMathTests.swift in Sources */,
				6B1920AEF7493DB0FE98107D /* MLMultiArrayFloatTests.swift in Sources */,
				372B08D5FB07307EB85748E2 /* MixMatrixTests.swift in Sources */,
				8E1596023CA007B810D81B54 /* NiceScaleTests.swift in Sources */,
				7C10348769563DBCF01948AF /* OverlapAddStreamerTests.swift in Sources */,
				02A9952FA52D11B5C72F6993 /* OverlapAddTests.swift in Sources */,
				9A4F8CC2EC94103F40D378C1 /* PeakDecimationTests.swift in Sources */,
				62A3A277021216E0A1661343 /* PeakTierMathTests.swift in Sources */,
				BE527660FAD88C7C4C479CAF /* PlaybackClockTests.swift in Sources */,
				0DA9CFDFE800B43C346E82C6 /* STFTTests.swift in Sources */,
				C66EE6EC38C44E6B040B1399 /* SeparationE2ETests.swift in Sources */,
				B9DECFBA599D2A1B541E6A97 /* StemEnergyTests.swift in Sources */,
				91D47AC631C68FE4C48702ED /* StemExporterTests.swift in Sources */,
				A978E80D74ED869C17AF6719 /* TestFixtures.swift in Sources */,
				F0C7319B207EC613BAE3BBC4 /* TestMP3FixtureTests.swift in Sources */,
				8F2554B580EA08D81A7C5353 /* TimeFormattingTests.swift in Sources */,
				D75216109FA78A802B73B361 /* TrimMathTests.swift in Sources */,
				E56AC09AA70F0305E2F9CF98 /* ViewportFollowTests.swift in Sources */,
				D97E92539D64B8C2FF1CA470 /* ViewportMathTests.swift in Sources */,
			);
			runOnlyForDeploymentPostprocessing = 0;
		};
/* End PBXSourcesBuildPhase section */

/* Begin PBXTargetDependency section */
		73A8F663552766B00ACB3ED2 /* PBXTargetDependency */ = {
			isa = PBXTargetDependency;
			target = F32A88F8FA71F17AD624653B /* SoundView */;
			targetProxy = 1A2D95188BC22CF6B5DE849B /* PBXContainerItemProxy */;
		};
		C89510FD02E39FE3776EF722 /* PBXTargetDependency */ = {
			isa = PBXTargetDependency;
			target = F32A88F8FA71F17AD624653B /* SoundView */;
			targetProxy = 47E2A1978D56BCA424F5F973 /* PBXContainerItemProxy */;
		};
/* End PBXTargetDependency section */

/* Begin XCBuildConfiguration section */
		07E53A58A707043C0CC85189 /* Release */ = {
			isa = XCBuildConfiguration;
			buildSettings = {
				BUNDLE_LOADER = "$(TEST_HOST)";
				GENERATE_INFOPLIST_FILE = YES;
				LD_RUNPATH_SEARCH_PATHS = (
					"$(inherited)",
					"@executable_path/Frameworks",
					"@loader_path/Frameworks",
				);
				PRODUCT_BUNDLE_IDENTIFIER = com.soundview.app.tests;
				SDKROOT = iphoneos;
				TARGETED_DEVICE_FAMILY = "1,2";
				TEST_HOST = "$(BUILT_PRODUCTS_DIR)/SoundView.app/$(BUNDLE_EXECUTABLE_FOLDER_PATH)/SoundView";
			};
			name = Release;
		};
		15A8C767F5FCFCF939F5B276 /* Debug */ = {
			isa = XCBuildConfiguration;
			buildSettings = {
				BUNDLE_LOADER = "$(TEST_HOST)";
				GENERATE_INFOPLIST_FILE = YES;
				LD_RUNPATH_SEARCH_PATHS = (
					"$(inherited)",
					"@executable_path/Frameworks",
					"@loader_path/Frameworks",
				);
				PRODUCT_BUNDLE_IDENTIFIER = com.soundview.app.tests;
				SDKROOT = iphoneos;
				TARGETED_DEVICE_FAMILY = "1,2";
				TEST_HOST = "$(BUILT_PRODUCTS_DIR)/SoundView.app/$(BUNDLE_EXECUTABLE_FOLDER_PATH)/SoundView";
			};
			name = Debug;
		};
		356505FDBA5E818D220ACDFA /* Release */ = {
			isa = XCBuildConfiguration;
			buildSettings = {
				ALWAYS_SEARCH_USER_PATHS = NO;
				CLANG_ANALYZER_NONNULL = YES;
				CLANG_ANALYZER_NUMBER_OBJECT_CONVERSION = YES_AGGRESSIVE;
				CLANG_CXX_LANGUAGE_STANDARD = "gnu++14";
				CLANG_CXX_LIBRARY = "libc++";
				CLANG_ENABLE_MODULES = YES;
				CLANG_ENABLE_OBJC_ARC = YES;
				CLANG_ENABLE_OBJC_WEAK = YES;
				CLANG_WARN_BLOCK_CAPTURE_AUTORELEASING = YES;
				CLANG_WARN_BOOL_CONVERSION = YES;
				CLANG_WARN_COMMA = YES;
				CLANG_WARN_CONSTANT_CONVERSION = YES;
				CLANG_WARN_DEPRECATED_OBJC_IMPLEMENTATIONS = YES;
				CLANG_WARN_DIRECT_OBJC_ISA_USAGE = YES_ERROR;
				CLANG_WARN_DOCUMENTATION_COMMENTS = YES;
				CLANG_WARN_EMPTY_BODY = YES;
				CLANG_WARN_ENUM_CONVERSION = YES;
				CLANG_WARN_INFINITE_RECURSION = YES;
				CLANG_WARN_INT_CONVERSION = YES;
				CLANG_WARN_NON_LITERAL_NULL_CONVERSION = YES;
				CLANG_WARN_OBJC_IMPLICIT_RETAIN_SELF = YES;
				CLANG_WARN_OBJC_LITERAL_CONVERSION = YES;
				CLANG_WARN_OBJC_ROOT_CLASS = YES_ERROR;
				CLANG_WARN_QUOTED_INCLUDE_IN_FRAMEWORK_HEADER = YES;
				CLANG_WARN_RANGE_LOOP_ANALYSIS = YES;
				CLANG_WARN_STRICT_PROTOTYPES = YES;
				CLANG_WARN_SUSPICIOUS_MOVE = YES;
				CLANG_WARN_UNGUARDED_AVAILABILITY = YES_AGGRESSIVE;
				CLANG_WARN_UNREACHABLE_CODE = YES;
				CLANG_WARN__DUPLICATE_METHOD_MATCH = YES;
				COPY_PHASE_STRIP = NO;
				DEBUG_INFORMATION_FORMAT = "dwarf-with-dsym";
				DEVELOPMENT_TEAM = S8662L649U;
				ENABLE_NS_ASSERTIONS = NO;
				ENABLE_STRICT_OBJC_MSGSEND = YES;
				ENABLE_USER_SCRIPT_SANDBOXING = NO;
				GCC_C_LANGUAGE_STANDARD = gnu11;
				GCC_NO_COMMON_BLOCKS = YES;
				GCC_WARN_64_TO_32_BIT_CONVERSION = YES;
				GCC_WARN_ABOUT_RETURN_TYPE = YES_ERROR;
				GCC_WARN_UNDECLARED_SELECTOR = YES;
				GCC_WARN_UNINITIALIZED_AUTOS = YES_AGGRESSIVE;
				GCC_WARN_UNUSED_FUNCTION = YES;
				GCC_WARN_UNUSED_VARIABLE = YES;
				IPHONEOS_DEPLOYMENT_TARGET = 17.0;
				MACOSX_DEPLOYMENT_TARGET = 14.0;
				MTL_ENABLE_DEBUG_INFO = NO;
				MTL_FAST_MATH = YES;
				PRODUCT_NAME = "$(TARGET_NAME)";
				SDKROOT = iphoneos;
				SWIFT_COMPILATION_MODE = wholemodule;
				SWIFT_OPTIMIZATION_LEVEL = "-O";
				SWIFT_VERSION = 6.0;
			};
			name = Release;
		};
		6340BFF47971F5FDB7F3AB5C /* Debug */ = {
			isa = XCBuildConfiguration;
			buildSettings = {
				ASSETCATALOG_COMPILER_APPICON_NAME = AppIcon;
				CODE_SIGN_ENTITLEMENTS = SoundView/SoundView.entitlements;
				CODE_SIGN_IDENTITY = "iPhone Developer";
				CODE_SIGN_STYLE = Automatic;
				COMBINE_HIDPI_IMAGES = YES;
				CURRENT_PROJECT_VERSION = 1;
				ENABLE_HARDENED_RUNTIME = YES;
				GENERATE_INFOPLIST_FILE = YES;
				INFOPLIST_KEY_CFBundleDisplayName = SoundView;
				INFOPLIST_KEY_LSApplicationCategoryType = "public.app-category.music";
				INFOPLIST_KEY_LSSupportsOpeningDocumentsInPlace = YES;
				INFOPLIST_KEY_NSMicrophoneUsageDescription = "SoundView needs the microphone to record audio for stem separation.";
				INFOPLIST_KEY_UIFileSharingEnabled = YES;
				INFOPLIST_KEY_UILaunchScreen_Generation = YES;
				INFOPLIST_KEY_UISupportsDocumentBrowser = YES;
				LD_RUNPATH_SEARCH_PATHS = (
					"$(inherited)",
					"@executable_path/Frameworks",
				);
				MARKETING_VERSION = 2.0.0;
				PRODUCT_BUNDLE_IDENTIFIER = com.soundview.app;
				PRODUCT_NAME = SoundView;
				SDKROOT = iphoneos;
				SUPPORTED_PLATFORMS = "iphoneos iphonesimulator macosx";
				SUPPORTS_MACCATALYST = NO;
				SUPPORTS_MAC_DESIGNED_FOR_IPHONE_IPAD = NO;
				SUPPORTS_XR_DESIGNED_FOR_IPHONE_IPAD = YES;
				TARGETED_DEVICE_FAMILY = "1,2";
			};
			name = Debug;
		};
		9A2F049AA7D2FAB7A0A60091 /* Debug */ = {
			isa = XCBuildConfiguration;
			buildSettings = {
				ALWAYS_SEARCH_USER_PATHS = NO;
				CLANG_ANALYZER_NONNULL = YES;
				CLANG_ANALYZER_NUMBER_OBJECT_CONVERSION = YES_AGGRESSIVE;
				CLANG_CXX_LANGUAGE_STANDARD = "gnu++14";
				CLANG_CXX_LIBRARY = "libc++";
				CLANG_ENABLE_MODULES = YES;
				CLANG_ENABLE_OBJC_ARC = YES;
				CLANG_ENABLE_OBJC_WEAK = YES;
				CLANG_WARN_BLOCK_CAPTURE_AUTORELEASING = YES;
				CLANG_WARN_BOOL_CONVERSION = YES;
				CLANG_WARN_COMMA = YES;
				CLANG_WARN_CONSTANT_CONVERSION = YES;
				CLANG_WARN_DEPRECATED_OBJC_IMPLEMENTATIONS = YES;
				CLANG_WARN_DIRECT_OBJC_ISA_USAGE = YES_ERROR;
				CLANG_WARN_DOCUMENTATION_COMMENTS = YES;
				CLANG_WARN_EMPTY_BODY = YES;
				CLANG_WARN_ENUM_CONVERSION = YES;
				CLANG_WARN_INFINITE_RECURSION = YES;
				CLANG_WARN_INT_CONVERSION = YES;
				CLANG_WARN_NON_LITERAL_NULL_CONVERSION = YES;
				CLANG_WARN_OBJC_IMPLICIT_RETAIN_SELF = YES;
				CLANG_WARN_OBJC_LITERAL_CONVERSION = YES;
				CLANG_WARN_OBJC_ROOT_CLASS = YES_ERROR;
				CLANG_WARN_QUOTED_INCLUDE_IN_FRAMEWORK_HEADER = YES;
				CLANG_WARN_RANGE_LOOP_ANALYSIS = YES;
				CLANG_WARN_STRICT_PROTOTYPES = YES;
				CLANG_WARN_SUSPICIOUS_MOVE = YES;
				CLANG_WARN_UNGUARDED_AVAILABILITY = YES_AGGRESSIVE;
				CLANG_WARN_UNREACHABLE_CODE = YES;
				CLANG_WARN__DUPLICATE_METHOD_MATCH = YES;
				COPY_PHASE_STRIP = NO;
				DEBUG_INFORMATION_FORMAT = dwarf;
				DEVELOPMENT_TEAM = S8662L649U;
				ENABLE_STRICT_OBJC_MSGSEND = YES;
				ENABLE_TESTABILITY = YES;
				ENABLE_USER_SCRIPT_SANDBOXING = NO;
				GCC_C_LANGUAGE_STANDARD = gnu11;
				GCC_DYNAMIC_NO_PIC = NO;
				GCC_NO_COMMON_BLOCKS = YES;
				GCC_OPTIMIZATION_LEVEL = 0;
				GCC_PREPROCESSOR_DEFINITIONS = (
					"$(inherited)",
					"DEBUG=1",
				);
				GCC_WARN_64_TO_32_BIT_CONVERSION = YES;
				GCC_WARN_ABOUT_RETURN_TYPE = YES_ERROR;
				GCC_WARN_UNDECLARED_SELECTOR = YES;
				GCC_WARN_UNINITIALIZED_AUTOS = YES_AGGRESSIVE;
				GCC_WARN_UNUSED_FUNCTION = YES;
				GCC_WARN_UNUSED_VARIABLE = YES;
				IPHONEOS_DEPLOYMENT_TARGET = 17.0;
				MACOSX_DEPLOYMENT_TARGET = 14.0;
				MTL_ENABLE_DEBUG_INFO = INCLUDE_SOURCE;
				MTL_FAST_MATH = YES;
				ONLY_ACTIVE_ARCH = YES;
				PRODUCT_NAME = "$(TARGET_NAME)";
				SDKROOT = iphoneos;
				SWIFT_ACTIVE_COMPILATION_CONDITIONS = DEBUG;
				SWIFT_OPTIMIZATION_LEVEL = "-Onone";
				SWIFT_VERSION = 6.0;
			};
			name = Debug;
		};
		BE5B529D2F4F8B32A0BA165B /* Debug */ = {
			isa = XCBuildConfiguration;
			buildSettings = {
				BUNDLE_LOADER = "$(TEST_HOST)";
				GENERATE_INFOPLIST_FILE = YES;
				LD_RUNPATH_SEARCH_PATHS = (
					"$(inherited)",
					"@executable_path/Frameworks",
					"@loader_path/Frameworks",
				);
				PRODUCT_BUNDLE_IDENTIFIER = com.soundview.app.uitests;
				SDKROOT = iphoneos;
				TARGETED_DEVICE_FAMILY = "1,2";
				TEST_TARGET_NAME = SoundView;
			};
			name = Debug;
		};
		FAC1BEBD914568A54C93DE31 /* Release */ = {
			isa = XCBuildConfiguration;
			buildSettings = {
				ASSETCATALOG_COMPILER_APPICON_NAME = AppIcon;
				CODE_SIGN_ENTITLEMENTS = SoundView/SoundView.entitlements;
				CODE_SIGN_IDENTITY = "iPhone Developer";
				CODE_SIGN_STYLE = Automatic;
				COMBINE_HIDPI_IMAGES = YES;
				CURRENT_PROJECT_VERSION = 1;
				ENABLE_HARDENED_RUNTIME = YES;
				GENERATE_INFOPLIST_FILE = YES;
				INFOPLIST_KEY_CFBundleDisplayName = SoundView;
				INFOPLIST_KEY_LSApplicationCategoryType = "public.app-category.music";
				INFOPLIST_KEY_LSSupportsOpeningDocumentsInPlace = YES;
				INFOPLIST_KEY_NSMicrophoneUsageDescription = "SoundView needs the microphone to record audio for stem separation.";
				INFOPLIST_KEY_UIFileSharingEnabled = YES;
				INFOPLIST_KEY_UILaunchScreen_Generation = YES;
				INFOPLIST_KEY_UISupportsDocumentBrowser = YES;
				LD_RUNPATH_SEARCH_PATHS = (
					"$(inherited)",
					"@executable_path/Frameworks",
				);
				MARKETING_VERSION = 2.0.0;
				PRODUCT_BUNDLE_IDENTIFIER = com.soundview.app;
				PRODUCT_NAME = SoundView;
				SDKROOT = iphoneos;
				SUPPORTED_PLATFORMS = "iphoneos iphonesimulator macosx";
				SUPPORTS_MACCATALYST = NO;
				SUPPORTS_MAC_DESIGNED_FOR_IPHONE_IPAD = NO;
				SUPPORTS_XR_DESIGNED_FOR_IPHONE_IPAD = YES;
				TARGETED_DEVICE_FAMILY = "1,2";
			};
			name = Release;
		};
		FDB246272868770D2C2C5CF5 /* Release */ = {
			isa = XCBuildConfiguration;
			buildSettings = {
				BUNDLE_LOADER = "$(TEST_HOST)";
				GENERATE_INFOPLIST_FILE = YES;
				LD_RUNPATH_SEARCH_PATHS = (
					"$(inherited)",
					"@executable_path/Frameworks",
					"@loader_path/Frameworks",
				);
				PRODUCT_BUNDLE_IDENTIFIER = com.soundview.app.uitests;
				SDKROOT = iphoneos;
				TARGETED_DEVICE_FAMILY = "1,2";
				TEST_TARGET_NAME = SoundView;
			};
			name = Release;
		};
/* End XCBuildConfiguration section */

/* Begin XCConfigurationList section */
		485358F373F2036D4CB0802B /* Build configuration list for PBXNativeTarget "SoundViewUITests" */ = {
			isa = XCConfigurationList;
			buildConfigurations = (
				BE5B529D2F4F8B32A0BA165B /* Debug */,
				FDB246272868770D2C2C5CF5 /* Release */,
			);
			defaultConfigurationIsVisible = 0;
			defaultConfigurationName = Debug;
		};
		7F8664B34CF324A44516F1EC /* Build configuration list for PBXNativeTarget "SoundView" */ = {
			isa = XCConfigurationList;
			buildConfigurations = (
				6340BFF47971F5FDB7F3AB5C /* Debug */,
				FAC1BEBD914568A54C93DE31 /* Release */,
			);
			defaultConfigurationIsVisible = 0;
			defaultConfigurationName = Debug;
		};
		91519251D1BB9155049B2AEC /* Build configuration list for PBXNativeTarget "SoundViewTests" */ = {
			isa = XCConfigurationList;
			buildConfigurations = (
				15A8C767F5FCFCF939F5B276 /* Debug */,
				07E53A58A707043C0CC85189 /* Release */,
			);
			defaultConfigurationIsVisible = 0;
			defaultConfigurationName = Debug;
		};
		D165BD5DD66DD17E07B0F09C /* Build configuration list for PBXProject "SoundView" */ = {
			isa = XCConfigurationList;
			buildConfigurations = (
				9A2F049AA7D2FAB7A0A60091 /* Debug */,
				356505FDBA5E818D220ACDFA /* Release */,
			);
			defaultConfigurationIsVisible = 0;
			defaultConfigurationName = Debug;
		};
/* End XCConfigurationList section */
	};
	rootObject = EA914836DACD03964A4FBACC /* Project object */;
}
